// !$*UTF8*$!
{
       archiveVersion = 1;
       classes = {
       };
       objectVersion = 46;
       objects = {

/* Begin PBXAggregateTarget section */
              13FFE08FA86149AA98697E73 /* ALL_BUILD */ = {
                     isa = PBXAggregateTarget;
                     buildConfigurationList = 4D611CBAC4E44B0493EEC814 /* Build configuration list for PBXAggregateTarget "ALL_BUILD" */;
                     buildPhases = (
                            33A71FF001074213958F98B2 /* CMake Rules */,
                     );
                     dependencies = (
                            A2D860AFDCC64C3A9C54659A /* PBXTargetDependency */,
                            ED2D968A38454E11A23FAA9F /* PBXTargetDependency */,
                     );
                     name = ALL_BUILD;
                     productName = ALL_BUILD;
              };
              9C39263CABCC4582B2D745D0 /* ZERO_CHECK */ = {
                     isa = PBXAggregateTarget;
                     buildConfigurationList = ED525EABD53E475F97EDA857 /* Build configuration list for PBXAggregateTarget "ZERO_CHECK" */;
                     buildPhases = (
                            C425495430284FF89D2BB8EA /* CMake Rules */,
                     );
                     dependencies = (
                     );
                     name = ZERO_CHECK;
                     productName = ZERO_CHECK;
              };
/* End PBXAggregateTarget section */

/* Begin PBXBuildFile section */
F1562D5265A74E558EDA567B /* /Users/Daniel/Skolarbeten/Nuvarande/TNM061_3D-Grafik/3D_Projekt/SGCT/examples/SGCTRemote/CMakeLists.txt */ = {isa = PBXBuildFile; fileRef = 1C771ECF0D7843C9A3551D16 /* /Users/Daniel/Skolarbeten/Nuvarande/TNM061_3D-Grafik/3D_Projekt/SGCT/examples/SGCTRemote/CMakeLists.txt */; settings = { COMPILER_FLAGS = ""; }; };
2BFEEE72E87D4494865A426E /* /Users/Daniel/Skolarbeten/Nuvarande/TNM061_3D-Grafik/3D_Projekt/SGCT/examples/SGCTRemote/main.cpp */ = {isa = PBXBuildFile; fileRef = 7E5405E3EA7D44EE8A3A97C8 /* /Users/Daniel/Skolarbeten/Nuvarande/TNM061_3D-Grafik/3D_Projekt/SGCT/examples/SGCTRemote/main.cpp */; settings = { COMPILER_FLAGS = ""; }; };
/* End PBXBuildFile section */

/* Begin PBXBuildStyle section */
              B54539F922D8413A84FA24D4 /*  */ = {
                     isa = PBXBuildStyle;
              };
              1E574B46DAFC4319A933CF74 /* Debug */ = {
                     isa = PBXBuildStyle;
                     buildSettings = {
                            COPY_PHASE_STRIP = NO;
                     };
                     name = Debug;
              };
              89FF359C514B4CD99CDBB019 /* Release */ = {
                     isa = PBXBuildStyle;
                     buildSettings = {
                            COPY_PHASE_STRIP = NO;
                     };
                     name = Release;
              };
              0693DD9005F947279168C189 /* MinSizeRel */ = {
                     isa = PBXBuildStyle;
                     buildSettings = {
                            COPY_PHASE_STRIP = NO;
                     };
                     name = MinSizeRel;
              };
              F0322E1DBDDA46C79B94B386 /* RelWithDebInfo */ = {
                     isa = PBXBuildStyle;
                     buildSettings = {
                            COPY_PHASE_STRIP = NO;
                     };
                     name = RelWithDebInfo;
              };
/* End PBXBuildStyle section */

/* Begin PBXContainerItemProxy section */
              E86A46157F194DBE957271DB /* PBXContainerItemProxy */ = {
                     isa = PBXContainerItemProxy;
                     containerPortal = 0658EE80BE1A4607A6CFB4A3 /* Project object */;
                     proxyType = 1;
                     remoteGlobalIDString = 9C39263CABCC4582B2D745D0;
                     remoteInfo = ZERO_CHECK;
              };
              738A688C9E76480A83E7FF44 /* PBXContainerItemProxy */ = {
                     isa = PBXContainerItemProxy;
                     containerPortal = 0658EE80BE1A4607A6CFB4A3 /* Project object */;
                     proxyType = 1;
                     remoteGlobalIDString = 5597F4F33D524DE1B135E967;
                     remoteInfo = SGCTRemote;
              };
              E21F45B299B7454096A1D108 /* PBXContainerItemProxy */ = {
                     isa = PBXContainerItemProxy;
                     containerPortal = 0658EE80BE1A4607A6CFB4A3 /* Project object */;
                     proxyType = 1;
                     remoteGlobalIDString = 9C39263CABCC4582B2D745D0;
                     remoteInfo = ZERO_CHECK;
              };
/* End PBXContainerItemProxy section */

/* Begin PBXFileReference section */
2A11188B032343388E885829 /* /Users/Daniel/Skolarbeten/Nuvarande/TNM061_3D-Grafik/3D_Projekt/SGCT/examples/SGCTRemote/CMakeLists.txt */ = {isa = PBXFileReference; explicitFileType = "sourcecode.text"; fileEncoding = 4; name = "CMakeLists.txt"; path = "CMakeLists.txt"; sourceTree = SOURCE_ROOT; };
1C771ECF0D7843C9A3551D16 /* /Users/Daniel/Skolarbeten/Nuvarande/TNM061_3D-Grafik/3D_Projekt/SGCT/examples/SGCTRemote/CMakeLists.txt */ = {isa = PBXFileReference; explicitFileType = "sourcecode.text"; fileEncoding = 4; name = "CMakeLists.txt"; path = "CMakeLists.txt"; sourceTree = SOURCE_ROOT; };
7E5405E3EA7D44EE8A3A97C8 /* /Users/Daniel/Skolarbeten/Nuvarande/TNM061_3D-Grafik/3D_Projekt/SGCT/examples/SGCTRemote/main.cpp */ = {isa = PBXFileReference; explicitFileType = "sourcecode.cpp.cpp"; fileEncoding = 4; name = "main.cpp"; path = "main.cpp"; sourceTree = SOURCE_ROOT; };
26702666A36D42C786CB6139 /* SGCTRemote */ = {isa = PBXFileReference; explicitFileType = "compiled.mach-o.executable"; path = SGCTRemote; refType = 0; sourceTree = BUILT_PRODUCTS_DIR; };
6A003993DBE04DED9290E6BA /* /Users/Daniel/Skolarbeten/Nuvarande/TNM061_3D-Grafik/3D_Projekt/SGCT/examples/SGCTRemote/CMakeLists.txt */ = {isa = PBXFileReference; explicitFileType = "sourcecode.text"; fileEncoding = 4; name = "CMakeLists.txt"; path = "CMakeLists.txt"; sourceTree = SOURCE_ROOT; };
/* End PBXFileReference section */

/* Begin PBXGroup section */
              DAD721DE17794D0FB1289DB1  = {
                     isa = PBXGroup;
                     children = (
                            1679AA9A783747D3B78DF2A7 /* Sources */,
                            888EA13470F54A8E92023094 /* Resources */,
                            E5740AC4B9224D388CC4C9E2 /* Products */,
                     );
                     sourceTree = "<group>";
              };
              1679AA9A783747D3B78DF2A7 /* Sources */ = {
                     isa = PBXGroup;
                     children = (
                            0E598A74438B48C98F8F2270 /* SGCTRemote */,
                            A4710A5D18DF41FE99433649 /* ALL_BUILD */,
                            51E64A8209F343F787C4A306 /* ZERO_CHECK */,
                     );
                     name = Sources;
                     sourceTree = "<group>";
              };
              888EA13470F54A8E92023094 /* Resources */ = {
                     isa = PBXGroup;
                     children = (
                     );
                     name = Resources;
                     sourceTree = "<group>";
              };
              0E598A74438B48C98F8F2270 /* SGCTRemote */ = {
                     isa = PBXGroup;
                     children = (
                            C632D66B473640E5A23D4B6F /* Source Files */,
                            1C771ECF0D7843C9A3551D16 /* /Users/Daniel/Skolarbeten/Nuvarande/TNM061_3D-Grafik/3D_Projekt/SGCT/examples/SGCTRemote/CMakeLists.txt */,
                     );
                     name = SGCTRemote;
                     sourceTree = "<group>";
              };
              C632D66B473640E5A23D4B6F /* Source Files */ = {
                     isa = PBXGroup;
                     children = (
                            7E5405E3EA7D44EE8A3A97C8 /* /Users/Daniel/Skolarbeten/Nuvarande/TNM061_3D-Grafik/3D_Projekt/SGCT/examples/SGCTRemote/main.cpp */,
                     );
                     name = "Source Files";
                     sourceTree = "<group>";
              };
              A4710A5D18DF41FE99433649 /* ALL_BUILD */ = {
                     isa = PBXGroup;
                     children = (
                            D39F86360AA246909503562A /* CMake Rules */,
                            2A11188B032343388E885829 /* /Users/Daniel/Skolarbeten/Nuvarande/TNM061_3D-Grafik/3D_Projekt/SGCT/examples/SGCTRemote/CMakeLists.txt */,
                     );
                     name = ALL_BUILD;
                     sourceTree = "<group>";
              };
              D39F86360AA246909503562A /* CMake Rules */ = {
                     isa = PBXGroup;
                     children = (
                     );
                     name = "CMake Rules";
                     sourceTree = "<group>";
              };
              51E64A8209F343F787C4A306 /* ZERO_CHECK */ = {
                     isa = PBXGroup;
                     children = (
                            38F6E092B06E4B18ACF11176 /* CMake Rules */,
                            6A003993DBE04DED9290E6BA /* /Users/Daniel/Skolarbeten/Nuvarande/TNM061_3D-Grafik/3D_Projekt/SGCT/examples/SGCTRemote/CMakeLists.txt */,
                     );
                     name = ZERO_CHECK;
                     sourceTree = "<group>";
              };
              38F6E092B06E4B18ACF11176 /* CMake Rules */ = {
                     isa = PBXGroup;
                     children = (
                     );
                     name = "CMake Rules";
                     sourceTree = "<group>";
              };
              E5740AC4B9224D388CC4C9E2 /* Products */ = {
                     isa = PBXGroup;
                     children = (
                            26702666A36D42C786CB6139 /* SGCTRemote */,
                     );
                     name = Products;
                     sourceTree = "<group>";
              };
/* End PBXGroup section */

/* Begin PBXNativeTarget section */
              5597F4F33D524DE1B135E967 /* SGCTRemote */ = {
                     isa = PBXNativeTarget;
                     buildConfigurationList = F74FCE10409E44A485651BC2 /* Build configuration list for PBXNativeTarget "SGCTRemote" */;
                     buildPhases = (
                            EEF4956024C14E0D9C79BAC8 /* Sources */,
                     );
                     buildRules = (
                     );
                     dependencies = (
                            112F0BCBF4DA44FBA38D9F52 /* PBXTargetDependency */,
                     );
                     name = SGCTRemote;
                     productName = SGCTRemote;
                     productReference = 26702666A36D42C786CB6139 /* SGCTRemote */;
                     productType = "com.apple.product-type.tool";
              };
/* End PBXNativeTarget section */

/* Begin PBXProject section */
              0658EE80BE1A4607A6CFB4A3 /* Project object */ = {
                     isa = PBXProject;
                     attributes = {
                            BuildIndependentTargetsInParallel = YES;
                     };
                     buildConfigurationList = 7945E606C077490B8D767795 /* Build configuration list for PBXProject  "SGCTRemote" */;
                     buildSettings = {
                     };
                     buildStyles = (
                            1E574B46DAFC4319A933CF74 /* Debug */,
                            89FF359C514B4CD99CDBB019 /* Release */,
                            0693DD9005F947279168C189 /* MinSizeRel */,
                            F0322E1DBDDA46C79B94B386 /* RelWithDebInfo */,
                     );
                     compatibilityVersion = "Xcode 3.2";
                     hasScannedForEncodings = 0;
                     mainGroup = DAD721DE17794D0FB1289DB1;
                     projectDirPath = "..";
                     projectRoot = "";
                     targets = (
                            13FFE08FA86149AA98697E73 /* ALL_BUILD */,
                            5597F4F33D524DE1B135E967 /* SGCTRemote */,
                            9C39263CABCC4582B2D745D0 /* ZERO_CHECK */,
                     );
              };
/* End PBXProject section */

/* Begin PBXShellScriptBuildPhase section */
              8FD168C7113C4089B6A0B448 /*  */ = {
                     isa = PBXShellScriptBuildPhase;
                     buildActionMask = 2147483647;
                     files = (
                     );
                     inputPaths = (
                     );
                     outputPaths = (
                     );
                     runOnlyForDeploymentPostprocessing = 0;
                     shellPath = /bin/sh;
                     shellScript = "# shell script goes here
exit 0";
                     showEnvVarsInLog = 0;
              };
              33A71FF001074213958F98B2 /* CMake Rules */ = {
                     isa = PBXShellScriptBuildPhase;
                     buildActionMask = 2147483647;
                     files = (
                     );
                     name = "CMake Rules";
                     runOnlyForDeploymentPostprocessing = 0;
                     shellPath = /bin/sh;
                     shellScript = "make -C /Users/Daniel/Skolarbeten/Nuvarande/TNM061_3D-Grafik/3D_Projekt/SGCT/examples/SGCTRemote/xCode -f /Users/Daniel/Skolarbeten/Nuvarande/TNM061_3D-Grafik/3D_Projekt/SGCT/examples/SGCTRemote/xCode/CMakeScripts/ALL_BUILD_cmakeRulesBuildPhase.make$CONFIGURATION all";
                     showEnvVarsInLog = 0;
              };
              A1D37FAD209249459BE17C6E /*  */ = {
                     isa = PBXShellScriptBuildPhase;
                     buildActionMask = 2147483647;
                     files = (
                     );
                     inputPaths = (
                     );
                     outputPaths = (
                     );
                     runOnlyForDeploymentPostprocessing = 0;
                     shellPath = /bin/sh;
                     shellScript = "# shell script goes here
exit 0";
                     showEnvVarsInLog = 0;
              };
              C425495430284FF89D2BB8EA /* CMake Rules */ = {
                     isa = PBXShellScriptBuildPhase;
                     buildActionMask = 2147483647;
                     files = (
                     );
                     name = "CMake Rules";
                     runOnlyForDeploymentPostprocessing = 0;
                     shellPath = /bin/sh;
                     shellScript = "make -C /Users/Daniel/Skolarbeten/Nuvarande/TNM061_3D-Grafik/3D_Projekt/SGCT/examples/SGCTRemote/xCode -f /Users/Daniel/Skolarbeten/Nuvarande/TNM061_3D-Grafik/3D_Projekt/SGCT/examples/SGCTRemote/xCode/CMakeScripts/ZERO_CHECK_cmakeRulesBuildPhase.make$CONFIGURATION all";
                     showEnvVarsInLog = 0;
              };
/* End PBXShellScriptBuildPhase section */

/* Begin PBXSourcesBuildPhase section */
              EEF4956024C14E0D9C79BAC8 /* Sources */ = {
                     isa = PBXSourcesBuildPhase;
                     buildActionMask = 2147483647;
                     files = (
                            2BFEEE72E87D4494865A426E /* /Users/Daniel/Skolarbeten/Nuvarande/TNM061_3D-Grafik/3D_Projekt/SGCT/examples/SGCTRemote/main.cpp */,
                     );
                     runOnlyForDeploymentPostprocessing = 0;
              };
/* End PBXSourcesBuildPhase section */

/* Begin PBXTargetDependency section */
              A2D860AFDCC64C3A9C54659A /* PBXTargetDependency */ = {
                     isa = PBXTargetDependency;
                     target = 9C39263CABCC4582B2D745D0 /* ZERO_CHECK */;
                     targetProxy = E86A46157F194DBE957271DB /* PBXContainerItemProxy */;
              };
              ED2D968A38454E11A23FAA9F /* PBXTargetDependency */ = {
                     isa = PBXTargetDependency;
                     target = 5597F4F33D524DE1B135E967 /* SGCTRemote */;
                     targetProxy = 738A688C9E76480A83E7FF44 /* PBXContainerItemProxy */;
              };
              112F0BCBF4DA44FBA38D9F52 /* PBXTargetDependency */ = {
                     isa = PBXTargetDependency;
                     target = 9C39263CABCC4582B2D745D0 /* ZERO_CHECK */;
                     targetProxy = E21F45B299B7454096A1D108 /* PBXContainerItemProxy */;
              };
/* End PBXTargetDependency section */

/* Begin XCBuildConfiguration section */
              D2EDB6C1442643A7BDD3D384 /* Debug */ = {
                     isa = XCBuildConfiguration;
                     buildSettings = {
                            ARCHS = x86_64;
                            MACOSX_DEPLOYMENT_TARGET = "10.9";
                            SDKROOT = "/Applications/Xcode.app/Contents/Developer/Platforms/MacOSX.platform/Developer/SDKs/MacOSX10.10.sdk";
                            SYMROOT = "/Users/Daniel/Skolarbeten/Nuvarande/TNM061_3D-Grafik/3D_Projekt/SGCT/examples/SGCTRemote/xCode/build";
                     };
                     name = Debug;
              };
              A2187C2790AC4B4E9477C289 /* Release */ = {
                     isa = XCBuildConfiguration;
                     buildSettings = {
                            ARCHS = x86_64;
                            MACOSX_DEPLOYMENT_TARGET = "10.9";
                            SDKROOT = "/Applications/Xcode.app/Contents/Developer/Platforms/MacOSX.platform/Developer/SDKs/MacOSX10.10.sdk";
                            SYMROOT = "/Users/Daniel/Skolarbeten/Nuvarande/TNM061_3D-Grafik/3D_Projekt/SGCT/examples/SGCTRemote/xCode/build";
                     };
                     name = Release;
              };
              8C644B648A5C47B294A1F04F /* MinSizeRel */ = {
                     isa = XCBuildConfiguration;
                     buildSettings = {
                            ARCHS = x86_64;
                            MACOSX_DEPLOYMENT_TARGET = "10.9";
                            SDKROOT = "/Applications/Xcode.app/Contents/Developer/Platforms/MacOSX.platform/Developer/SDKs/MacOSX10.10.sdk";
                            SYMROOT = "/Users/Daniel/Skolarbeten/Nuvarande/TNM061_3D-Grafik/3D_Projekt/SGCT/examples/SGCTRemote/xCode/build";
                     };
                     name = MinSizeRel;
              };
              CDA37F3A6B3C41A3B29B88B7 /* RelWithDebInfo */ = {
                     isa = XCBuildConfiguration;
                     buildSettings = {
                            ARCHS = x86_64;
                            MACOSX_DEPLOYMENT_TARGET = "10.9";
                            SDKROOT = "/Applications/Xcode.app/Contents/Developer/Platforms/MacOSX.platform/Developer/SDKs/MacOSX10.10.sdk";
                            SYMROOT = "/Users/Daniel/Skolarbeten/Nuvarande/TNM061_3D-Grafik/3D_Projekt/SGCT/examples/SGCTRemote/xCode/build";
                     };
                     name = RelWithDebInfo;
              };
              E6A2F06BE6EC40758F562918 /* Debug */ = {
                     isa = XCBuildConfiguration;
                     buildSettings = {
                            COMBINE_HIDPI_IMAGES = YES;
                            GCC_GENERATE_DEBUGGING_SYMBOLS = NO;
                            GCC_INLINES_ARE_PRIVATE_EXTERN = NO;
                            GCC_OPTIMIZATION_LEVEL = 0;
                            GCC_PREPROCESSOR_DEFINITIONS = ("'CMAKE_INTDIR=\"$(CONFIGURATION)$(EFFECTIVE_PLATFORM_NAME)\"'", __APPLE__, );
                            GCC_SYMBOLS_PRIVATE_EXTERN = NO;
                            HEADER_SEARCH_PATHS = (/usr/local/include, );
                            INSTALL_PATH = "";
                            OTHER_CFLAGS = "  ";
                            OTHER_LDFLAGS = " ";
                            OTHER_REZFLAGS = "";
                            PRODUCT_NAME = ALL_BUILD;
                            SECTORDER_FLAGS = "";
                            SYMROOT = "/Users/Daniel/Skolarbeten/Nuvarande/TNM061_3D-Grafik/3D_Projekt/SGCT/examples/SGCTRemote/xCode";
                            USE_HEADERMAP = NO;
                            WARNING_CFLAGS = ("-Wmost", "-Wno-four-char-constants", "-Wno-unknown-pragmas", "$(inherited)", );
                     };
                     name = Debug;
              };
              D3CF64B46B1640B497765435 /* Release */ = {
                     isa = XCBuildConfiguration;
                     buildSettings = {
                            COMBINE_HIDPI_IMAGES = YES;
                            GCC_GENERATE_DEBUGGING_SYMBOLS = NO;
                            GCC_INLINES_ARE_PRIVATE_EXTERN = NO;
                            GCC_OPTIMIZATION_LEVEL = 0;
                            GCC_PREPROCESSOR_DEFINITIONS = ("'CMAKE_INTDIR=\"$(CONFIGURATION)$(EFFECTIVE_PLATFORM_NAME)\"'", __APPLE__, );
                            GCC_SYMBOLS_PRIVATE_EXTERN = NO;
                            HEADER_SEARCH_PATHS = (/usr/local/include, );
                            INSTALL_PATH = "";
                            OTHER_CFLAGS = "  ";
                            OTHER_LDFLAGS = " ";
                            OTHER_REZFLAGS = "";
                            PRODUCT_NAME = ALL_BUILD;
                            SECTORDER_FLAGS = "";
                            SYMROOT = "/Users/Daniel/Skolarbeten/Nuvarande/TNM061_3D-Grafik/3D_Projekt/SGCT/examples/SGCTRemote/xCode";
                            USE_HEADERMAP = NO;
                            WARNING_CFLAGS = ("-Wmost", "-Wno-four-char-constants", "-Wno-unknown-pragmas", "$(inherited)", );
                     };
                     name = Release;
              };
              03AB7A39602A42D0A96E851A /* MinSizeRel */ = {
                     isa = XCBuildConfiguration;
                     buildSettings = {
                            COMBINE_HIDPI_IMAGES = YES;
                            GCC_GENERATE_DEBUGGING_SYMBOLS = NO;
                            GCC_INLINES_ARE_PRIVATE_EXTERN = NO;
                            GCC_OPTIMIZATION_LEVEL = 0;
                            GCC_PREPROCESSOR_DEFINITIONS = ("'CMAKE_INTDIR=\"$(CONFIGURATION)$(EFFECTIVE_PLATFORM_NAME)\"'", __APPLE__, );
                            GCC_SYMBOLS_PRIVATE_EXTERN = NO;
                            HEADER_SEARCH_PATHS = (/usr/local/include, );
                            INSTALL_PATH = "";
                            OTHER_CFLAGS = "  ";
                            OTHER_LDFLAGS = " ";
                            OTHER_REZFLAGS = "";
                            PRODUCT_NAME = ALL_BUILD;
                            SECTORDER_FLAGS = "";
                            SYMROOT = "/Users/Daniel/Skolarbeten/Nuvarande/TNM061_3D-Grafik/3D_Projekt/SGCT/examples/SGCTRemote/xCode";
                            USE_HEADERMAP = NO;
                            WARNING_CFLAGS = ("-Wmost", "-Wno-four-char-constants", "-Wno-unknown-pragmas", "$(inherited)", );
                     };
                     name = MinSizeRel;
              };
              B6799EBE495D4286BC32478B /* RelWithDebInfo */ = {
                     isa = XCBuildConfiguration;
                     buildSettings = {
                            COMBINE_HIDPI_IMAGES = YES;
                            GCC_GENERATE_DEBUGGING_SYMBOLS = NO;
                            GCC_INLINES_ARE_PRIVATE_EXTERN = NO;
                            GCC_OPTIMIZATION_LEVEL = 0;
                            GCC_PREPROCESSOR_DEFINITIONS = ("'CMAKE_INTDIR=\"$(CONFIGURATION)$(EFFECTIVE_PLATFORM_NAME)\"'", __APPLE__, );
                            GCC_SYMBOLS_PRIVATE_EXTERN = NO;
                            HEADER_SEARCH_PATHS = (/usr/local/include, );
                            INSTALL_PATH = "";
                            OTHER_CFLAGS = "  ";
                            OTHER_LDFLAGS = " ";
                            OTHER_REZFLAGS = "";
                            PRODUCT_NAME = ALL_BUILD;
                            SECTORDER_FLAGS = "";
                            SYMROOT = "/Users/Daniel/Skolarbeten/Nuvarande/TNM061_3D-Grafik/3D_Projekt/SGCT/examples/SGCTRemote/xCode";
                            USE_HEADERMAP = NO;
                            WARNING_CFLAGS = ("-Wmost", "-Wno-four-char-constants", "-Wno-unknown-pragmas", "$(inherited)", );
                     };
                     name = RelWithDebInfo;
              };
              400C8FC85E9A467BB15E00E4 /* Debug */ = {
                     isa = XCBuildConfiguration;
                     buildSettings = {
                            CLANG_CXX_LANGUAGE_STANDARD = "c++11";
                            CLANG_CXX_LIBRARY = "libc++";
                            COMBINE_HIDPI_IMAGES = YES;
                            CONFIGURATION_BUILD_DIR = "/Users/Daniel/Skolarbeten/Nuvarande/TNM061_3D-Grafik/3D_Projekt/SGCT/examples/SGCTRemote";
                            EXECUTABLE_PREFIX = "";
                            EXECUTABLE_SUFFIX = "";
                            GCC_GENERATE_DEBUGGING_SYMBOLS = YES;
                            GCC_INLINES_ARE_PRIVATE_EXTERN = NO;
                            GCC_OPTIMIZATION_LEVEL = 0;
                            GCC_PREPROCESSOR_DEFINITIONS = ("'CMAKE_INTDIR=\"$(CONFIGURATION)$(EFFECTIVE_PLATFORM_NAME)\"'", __APPLE__, );
                            GCC_SYMBOLS_PRIVATE_EXTERN = NO;
                            HEADER_SEARCH_PATHS = (/usr/local/include, );
                            INSTALL_PATH = "";
                            LIBRARY_SEARCH_PATHS = "";
                            OTHER_CFLAGS = "    ";
                            OTHER_CPLUSPLUSFLAGS = "-std=c++11 -stdlib=libc++      ";
                            OTHER_LDFLAGS = " -Wl,-search_paths_first -Wl,-headerpad_max_install_names  /usr/local/lib/libsgct_cpp11d.a -framework AGL -framework OpenGL -framework Cocoa -framework IOKit -framework CoreVideo";
                            OTHER_REZFLAGS = "";
                            PRODUCT_NAME = SGCTRemote;
                            SECTORDER_FLAGS = "";
                            SYMROOT = "/Users/Daniel/Skolarbeten/Nuvarande/TNM061_3D-Grafik/3D_Projekt/SGCT/examples/SGCTRemote/xCode";
                            USE_HEADERMAP = NO;
                            WARNING_CFLAGS = ("-Wmost", "-Wno-four-char-constants", "-Wno-unknown-pragmas", "$(inherited)", );
                     };
                     name = Debug;
              };
              8465213958434229BD27B86F /* Release */ = {
                     isa = XCBuildConfiguration;
                     buildSettings = {
                            CLANG_CXX_LANGUAGE_STANDARD = "c++11";
                            CLANG_CXX_LIBRARY = "libc++";
                            COMBINE_HIDPI_IMAGES = YES;
                            CONFIGURATION_BUILD_DIR = "/Users/Daniel/Skolarbeten/Nuvarande/TNM061_3D-Grafik/3D_Projekt/SGCT/examples/SGCTRemote";
                            EXECUTABLE_PREFIX = "";
                            EXECUTABLE_SUFFIX = "";
                            GCC_GENERATE_DEBUGGING_SYMBOLS = NO;
                            GCC_INLINES_ARE_PRIVATE_EXTERN = NO;
                            GCC_OPTIMIZATION_LEVEL = 3;
                            GCC_PREPROCESSOR_DEFINITIONS = ("'CMAKE_INTDIR=\"$(CONFIGURATION)$(EFFECTIVE_PLATFORM_NAME)\"'", __APPLE__, );
                            GCC_SYMBOLS_PRIVATE_EXTERN = NO;
                            HEADER_SEARCH_PATHS = (/usr/local/include, );
                            INSTALL_PATH = "";
                            LIBRARY_SEARCH_PATHS = "";
                            OTHER_CFLAGS = "    -DNDEBUG  ";
                            OTHER_CPLUSPLUSFLAGS = "-std=c++11 -stdlib=libc++      -DNDEBUG  ";
                            OTHER_LDFLAGS = " -Wl,-search_paths_first -Wl,-headerpad_max_install_names  /usr/local/lib/libsgct_cpp11.a -framework AGL -framework OpenGL -framework Cocoa -framework IOKit -framework CoreVideo";
                            OTHER_REZFLAGS = "";
                            PRODUCT_NAME = SGCTRemote;
                            SECTORDER_FLAGS = "";
                            SYMROOT = "/Users/Daniel/Skolarbeten/Nuvarande/TNM061_3D-Grafik/3D_Projekt/SGCT/examples/SGCTRemote/xCode";
                            USE_HEADERMAP = NO;
                            WARNING_CFLAGS = ("-Wmost", "-Wno-four-char-constants", "-Wno-unknown-pragmas", "$(inherited)", );
                     };
                     name = Release;
              };
              972D894408EC4B45A5369959 /* MinSizeRel */ = {
                     isa = XCBuildConfiguration;
                     buildSettings = {
                            CLANG_CXX_LANGUAGE_STANDARD = "c++11";
                            CLANG_CXX_LIBRARY = "libc++";
                            COMBINE_HIDPI_IMAGES = YES;
                            CONFIGURATION_BUILD_DIR = "/Users/Daniel/Skolarbeten/Nuvarande/TNM061_3D-Grafik/3D_Projekt/SGCT/examples/SGCTRemote/MinSizeRel";
                            EXECUTABLE_PREFIX = "";
                            EXECUTABLE_SUFFIX = "";
                            GCC_GENERATE_DEBUGGING_SYMBOLS = NO;
                            GCC_INLINES_ARE_PRIVATE_EXTERN = NO;
                            GCC_OPTIMIZATION_LEVEL = s;
                            GCC_PREPROCESSOR_DEFINITIONS = ("'CMAKE_INTDIR=\"$(CONFIGURATION)$(EFFECTIVE_PLATFORM_NAME)\"'", __APPLE__, );
                            GCC_SYMBOLS_PRIVATE_EXTERN = NO;
                            HEADER_SEARCH_PATHS = (/usr/local/include, );
                            INSTALL_PATH = "";
                            LIBRARY_SEARCH_PATHS = "";
                            OTHER_CFLAGS = "    -DNDEBUG  ";
                            OTHER_CPLUSPLUSFLAGS = "-std=c++11 -stdlib=libc++      -DNDEBUG  ";
                            OTHER_LDFLAGS = " -Wl,-search_paths_first -Wl,-headerpad_max_install_names  /usr/local/lib/libsgct_cpp11.a -framework AGL -framework OpenGL -framework Cocoa -framework IOKit -framework CoreVideo";
                            OTHER_REZFLAGS = "";
                            PRODUCT_NAME = SGCTRemote;
                            SECTORDER_FLAGS = "";
                            SYMROOT = "/Users/Daniel/Skolarbeten/Nuvarande/TNM061_3D-Grafik/3D_Projekt/SGCT/examples/SGCTRemote/xCode";
                            USE_HEADERMAP = NO;
                            WARNING_CFLAGS = ("-Wmost", "-Wno-four-char-constants", "-Wno-unknown-pragmas", "$(inherited)", );
                     };
                     name = MinSizeRel;
              };
              5BB93398851E4AB1B5C81D5B /* RelWithDebInfo */ = {
                     isa = XCBuildConfiguration;
                     buildSettings = {
                            CLANG_CXX_LANGUAGE_STANDARD = "c++11";
                            CLANG_CXX_LIBRARY = "libc++";
                            COMBINE_HIDPI_IMAGES = YES;
                            CONFIGURATION_BUILD_DIR = "/Users/Daniel/Skolarbeten/Nuvarande/TNM061_3D-Grafik/3D_Projekt/SGCT/examples/SGCTRemote/RelWithDebInfo";
                            EXECUTABLE_PREFIX = "";
                            EXECUTABLE_SUFFIX = "";
                            GCC_GENERATE_DEBUGGING_SYMBOLS = YES;
                            GCC_INLINES_ARE_PRIVATE_EXTERN = NO;
                            GCC_OPTIMIZATION_LEVEL = 2;
                            GCC_PREPROCESSOR_DEFINITIONS = ("'CMAKE_INTDIR=\"$(CONFIGURATION)$(EFFECTIVE_PLATFORM_NAME)\"'", __APPLE__, );
                            GCC_SYMBOLS_PRIVATE_EXTERN = NO;
                            HEADER_SEARCH_PATHS = (/usr/local/include, );
                            INSTALL_PATH = "";
                            LIBRARY_SEARCH_PATHS = "";
                            OTHER_CFLAGS = "       -DNDEBUG  ";
                            OTHER_CPLUSPLUSFLAGS = "-std=c++11 -stdlib=libc++         -DNDEBUG  ";
                            OTHER_LDFLAGS = " -Wl,-search_paths_first -Wl,-headerpad_max_install_names  /usr/local/lib/libsgct_cpp11.a -framework AGL -framework OpenGL -framework Cocoa -framework IOKit -framework CoreVideo";
                            OTHER_REZFLAGS = "";
                            PRODUCT_NAME = SGCTRemote;
                            SECTORDER_FLAGS = "";
                            SYMROOT = "/Users/Daniel/Skolarbeten/Nuvarande/TNM061_3D-Grafik/3D_Projekt/SGCT/examples/SGCTRemote/xCode";
                            USE_HEADERMAP = NO;
                            WARNING_CFLAGS = ("-Wmost", "-Wno-four-char-constants", "-Wno-unknown-pragmas", "$(inherited)", );
                     };
                     name = RelWithDebInfo;
              };
              82776CF9CA4D4D18A7F87EEA /* Debug */ = {
                     isa = XCBuildConfiguration;
                     buildSettings = {
                            COMBINE_HIDPI_IMAGES = YES;
                            GCC_GENERATE_DEBUGGING_SYMBOLS = NO;
                            GCC_INLINES_ARE_PRIVATE_EXTERN = NO;
                            GCC_OPTIMIZATION_LEVEL = 0;
                            GCC_PREPROCESSOR_DEFINITIONS = ("'CMAKE_INTDIR=\"$(CONFIGURATION)$(EFFECTIVE_PLATFORM_NAME)\"'", __APPLE__, );
                            GCC_SYMBOLS_PRIVATE_EXTERN = NO;
                            HEADER_SEARCH_PATHS = (/usr/local/include, );
                            INSTALL_PATH = "";
                            OTHER_CFLAGS = "  ";
                            OTHER_LDFLAGS = " ";
                            OTHER_REZFLAGS = "";
                            PRODUCT_NAME = ZERO_CHECK;
                            SECTORDER_FLAGS = "";
                            SYMROOT = "/Users/Daniel/Skolarbeten/Nuvarande/TNM061_3D-Grafik/3D_Projekt/SGCT/examples/SGCTRemote/xCode";
                            USE_HEADERMAP = NO;
                            WARNING_CFLAGS = ("-Wmost", "-Wno-four-char-constants", "-Wno-unknown-pragmas", "$(inherited)", );
                     };
                     name = Debug;
              };
              9FB6DA1DF4B749A0B4DEAA9D /* Release */ = {
                     isa = XCBuildConfiguration;
                     buildSettings = {
                            COMBINE_HIDPI_IMAGES = YES;
                            GCC_GENERATE_DEBUGGING_SYMBOLS = NO;
                            GCC_INLINES_ARE_PRIVATE_EXTERN = NO;
                            GCC_OPTIMIZATION_LEVEL = 0;
                            GCC_PREPROCESSOR_DEFINITIONS = ("'CMAKE_INTDIR=\"$(CONFIGURATION)$(EFFECTIVE_PLATFORM_NAME)\"'", __APPLE__, );
                            GCC_SYMBOLS_PRIVATE_EXTERN = NO;
                            HEADER_SEARCH_PATHS = (/usr/local/include, );
                            INSTALL_PATH = "";
                            OTHER_CFLAGS = "  ";
                            OTHER_LDFLAGS = " ";
                            OTHER_REZFLAGS = "";
                            PRODUCT_NAME = ZERO_CHECK;
                            SECTORDER_FLAGS = "";
                            SYMROOT = "/Users/Daniel/Skolarbeten/Nuvarande/TNM061_3D-Grafik/3D_Projekt/SGCT/examples/SGCTRemote/xCode";
                            USE_HEADERMAP = NO;
                            WARNING_CFLAGS = ("-Wmost", "-Wno-four-char-constants", "-Wno-unknown-pragmas", "$(inherited)", );
                     };
                     name = Release;
              };
              97BF4F27C97E4CE0BC194904 /* MinSizeRel */ = {
                     isa = XCBuildConfiguration;
                     buildSettings = {
                            COMBINE_HIDPI_IMAGES = YES;
                            GCC_GENERATE_DEBUGGING_SYMBOLS = NO;
                            GCC_INLINES_ARE_PRIVATE_EXTERN = NO;
                            GCC_OPTIMIZATION_LEVEL = 0;
                            GCC_PREPROCESSOR_DEFINITIONS = ("'CMAKE_INTDIR=\"$(CONFIGURATION)$(EFFECTIVE_PLATFORM_NAME)\"'", __APPLE__, );
                            GCC_SYMBOLS_PRIVATE_EXTERN = NO;
                            HEADER_SEARCH_PATHS = (/usr/local/include, );
                            INSTALL_PATH = "";
                            OTHER_CFLAGS = "  ";
                            OTHER_LDFLAGS = " ";
                            OTHER_REZFLAGS = "";
                            PRODUCT_NAME = ZERO_CHECK;
                            SECTORDER_FLAGS = "";
                            SYMROOT = "/Users/Daniel/Skolarbeten/Nuvarande/TNM061_3D-Grafik/3D_Projekt/SGCT/examples/SGCTRemote/xCode";
                            USE_HEADERMAP = NO;
                            WARNING_CFLAGS = ("-Wmost", "-Wno-four-char-constants", "-Wno-unknown-pragmas", "$(inherited)", );
                     };
                     name = MinSizeRel;
              };
              16400B516E8545E885D61668 /* RelWithDebInfo */ = {
                     isa = XCBuildConfiguration;
                     buildSettings = {
                            COMBINE_HIDPI_IMAGES = YES;
                            GCC_GENERATE_DEBUGGING_SYMBOLS = NO;
                            GCC_INLINES_ARE_PRIVATE_EXTERN = NO;
                            GCC_OPTIMIZATION_LEVEL = 0;
                            GCC_PREPROCESSOR_DEFINITIONS = ("'CMAKE_INTDIR=\"$(CONFIGURATION)$(EFFECTIVE_PLATFORM_NAME)\"'", __APPLE__, );
                            GCC_SYMBOLS_PRIVATE_EXTERN = NO;
                            HEADER_SEARCH_PATHS = (/usr/local/include, );
                            INSTALL_PATH = "";
                            OTHER_CFLAGS = "  ";
                            OTHER_LDFLAGS = " ";
                            OTHER_REZFLAGS = "";
                            PRODUCT_NAME = ZERO_CHECK;
                            SECTORDER_FLAGS = "";
                            SYMROOT = "/Users/Daniel/Skolarbeten/Nuvarande/TNM061_3D-Grafik/3D_Projekt/SGCT/examples/SGCTRemote/xCode";
                            USE_HEADERMAP = NO;
                            WARNING_CFLAGS = ("-Wmost", "-Wno-four-char-constants", "-Wno-unknown-pragmas", "$(inherited)", );
                     };
                     name = RelWithDebInfo;
              };
/* End XCBuildConfiguration section */

/* Begin XCConfigurationList section */
              7945E606C077490B8D767795 /* Build configuration list for PBXProject  "SGCTRemote" */ = {
                     isa = XCConfigurationList;
                     buildConfigurations = (
                            D2EDB6C1442643A7BDD3D384 /* Debug */,
                            A2187C2790AC4B4E9477C289 /* Release */,
                            8C644B648A5C47B294A1F04F /* MinSizeRel */,
                            CDA37F3A6B3C41A3B29B88B7 /* RelWithDebInfo */,
                     );
                     defaultConfigurationIsVisible = 0;
                     defaultConfigurationName = Debug;
              };
              4D611CBAC4E44B0493EEC814 /* Build configuration list for PBXAggregateTarget "ALL_BUILD" */ = {
                     isa = XCConfigurationList;
                     buildConfigurations = (
                            E6A2F06BE6EC40758F562918 /* Debug */,
                            D3CF64B46B1640B497765435 /* Release */,
                            03AB7A39602A42D0A96E851A /* MinSizeRel */,
                            B6799EBE495D4286BC32478B /* RelWithDebInfo */,
                     );
                     defaultConfigurationIsVisible = 0;
                     defaultConfigurationName = Debug;
              };
              F74FCE10409E44A485651BC2 /* Build configuration list for PBXNativeTarget "SGCTRemote" */ = {
                     isa = XCConfigurationList;
                     buildConfigurations = (
                            400C8FC85E9A467BB15E00E4 /* Debug */,
                            8465213958434229BD27B86F /* Release */,
                            972D894408EC4B45A5369959 /* MinSizeRel */,
                            5BB93398851E4AB1B5C81D5B /* RelWithDebInfo */,
                     );
                     defaultConfigurationIsVisible = 0;
                     defaultConfigurationName = Debug;
              };
              ED525EABD53E475F97EDA857 /* Build configuration list for PBXAggregateTarget "ZERO_CHECK" */ = {
                     isa = XCConfigurationList;
                     buildConfigurations = (
                            82776CF9CA4D4D18A7F87EEA /* Debug */,
                            9FB6DA1DF4B749A0B4DEAA9D /* Release */,
                            97BF4F27C97E4CE0BC194904 /* MinSizeRel */,
                            16400B516E8545E885D61668 /* RelWithDebInfo */,
                     );
                     defaultConfigurationIsVisible = 0;
                     defaultConfigurationName = Debug;
              };
/* End XCConfigurationList section */
       };
       rootObject = 0658EE80BE1A4607A6CFB4A3;
}
