// !$*UTF8*$!
{
	archiveVersion = 1;
	classes = {
	};
	objectVersion = 46;
	objects = {

/* Begin PBXAggregateTarget section */
		89BFE430341B4E81B7AF93F3 /* ZERO_CHECK */ = {
			isa = PBXAggregateTarget;
			buildConfigurationList = 70EAE6B5C8C84410940540C6 /* Build configuration list for PBXAggregateTarget "ZERO_CHECK" */;
			buildPhases = (
				7E57E75BA10C4092B9C769E1 /* CMake Rules */,
			);
			dependencies = (
			);
			name = ZERO_CHECK;
			productName = ZERO_CHECK;
		};
		AD2D28091C1945549B04086C /* ALL_BUILD */ = {
			isa = PBXAggregateTarget;
			buildConfigurationList = BE1EE56F45EA4ABB8B9B0398 /* Build configuration list for PBXAggregateTarget "ALL_BUILD" */;
			buildPhases = (
				02BCA7B62E504A93B4F85899 /* CMake Rules */,
			);
			dependencies = (
				7D5012A2E76D459BB531ADF6 /* PBXTargetDependency */,
				2D00139D1F1B40F790ED3A90 /* PBXTargetDependency */,
			);
			name = ALL_BUILD;
			productName = ALL_BUILD;
		};
/* End PBXAggregateTarget section */

/* Begin PBXBuildFile section */
		A6C5B2E7C4D44948BF435CB0 /* objloader.cpp in Sources */ = {isa = PBXBuildFile; fileRef = 94E5A556216E46ADA8068FEB /* objloader.cpp */; settings = {COMPILER_FLAGS = ""; }; };
		D9E06599045A481F8839D67F /* main.cpp in Sources */ = {isa = PBXBuildFile; fileRef = 7AD1C96378884E7BAEFBA231 /* main.cpp */; settings = {COMPILER_FLAGS = ""; }; };
/* End PBXBuildFile section */

/* Begin PBXContainerItemProxy section */
		13DD94F9857B4CC499B126D2 /* PBXContainerItemProxy */ = {
			isa = PBXContainerItemProxy;
			containerPortal = 4CE132D762A248B48D0E1DA6 /* Project object */;
			proxyType = 1;
			remoteGlobalIDString = 89BFE430341B4E81B7AF93F3;
			remoteInfo = ZERO_CHECK;
		};
		3E5547C8D0744B4E9B1358B3 /* PBXContainerItemProxy */ = {
			isa = PBXContainerItemProxy;
			containerPortal = 4CE132D762A248B48D0E1DA6 /* Project object */;
			proxyType = 1;
			remoteGlobalIDString = AC9C17D5367C4E368FA5FABB;
			remoteInfo = Domescape;
		};
		FDD8E01F645D41C28DB03ED4 /* PBXContainerItemProxy */ = {
			isa = PBXContainerItemProxy;
			containerPortal = 4CE132D762A248B48D0E1DA6 /* Project object */;
			proxyType = 1;
			remoteGlobalIDString = 89BFE430341B4E81B7AF93F3;
			remoteInfo = ZERO_CHECK;
		};
/* End PBXContainerItemProxy section */

/* Begin PBXFileReference section */
		1D8AEDD309694027A0AB0B3F /* CMakeLists.txt */ = {isa = PBXFileReference; explicitFileType = sourcecode.text; fileEncoding = 4; lastKnownFileType = text; path = CMakeLists.txt; sourceTree = SOURCE_ROOT; };
		5AFF74D0E67C47038079865F /* CMakeLists.txt */ = {isa = PBXFileReference; explicitFileType = sourcecode.text; fileEncoding = 4; lastKnownFileType = text; path = CMakeLists.txt; sourceTree = SOURCE_ROOT; };
		7AD1C96378884E7BAEFBA231 /* main.cpp */ = {isa = PBXFileReference; explicitFileType = sourcecode.cpp.cpp; fileEncoding = 4; path = main.cpp; sourceTree = SOURCE_ROOT; };
		94E5A556216E46ADA8068FEB /* objloader.cpp */ = {isa = PBXFileReference; explicitFileType = sourcecode.cpp.cpp; fileEncoding = 4; path = objloader.cpp; sourceTree = SOURCE_ROOT; };
		ACDAA59A4B6D4AD0B4C78544 /* CMakeLists.txt */ = {isa = PBXFileReference; explicitFileType = sourcecode.text; fileEncoding = 4; lastKnownFileType = text; path = CMakeLists.txt; sourceTree = SOURCE_ROOT; };
		C7283DB913B64B7492962339 /* objloader.hpp */ = {isa = PBXFileReference; explicitFileType = sourcecode.cpp.h; fileEncoding = 4; path = objloader.hpp; sourceTree = SOURCE_ROOT; };
		D7E7E822103042808117BCC3 /* Domescape */ = {isa = PBXFileReference; explicitFileType = "compiled.mach-o.executable"; path = Domescape; sourceTree = BUILT_PRODUCTS_DIR; };
/* End PBXFileReference section */

/* Begin PBXGroup section */
		253423F0936D4B38818670B0 /* Products */ = {
			isa = PBXGroup;
			children = (
				D7E7E822103042808117BCC3 /* Domescape */,
			);
			name = Products;
			sourceTree = "<group>";
		};
		28B14219FBA34623A580C371 /* Source Files */ = {
			isa = PBXGroup;
			children = (
				7AD1C96378884E7BAEFBA231 /* main.cpp */,
				94E5A556216E46ADA8068FEB /* objloader.cpp */,
			);
			name = "Source Files";
			sourceTree = "<group>";
		};
		4B5CEAC2833945B19A0FA048 /* CMake Rules */ = {
			isa = PBXGroup;
			children = (
			);
			name = "CMake Rules";
			sourceTree = "<group>";
		};
		7B10A10D06D04A92A100E95B /* Sources */ = {
			isa = PBXGroup;
			children = (
				94A622555C744DEA807A4BBF /* ALL_BUILD */,
				C60DDF75F14F4C23BAF6750B /* ZERO_CHECK */,
				C5C52D419F85415B94B7BEFE /* Domescape */,
			);
			name = Sources;
			sourceTree = "<group>";
		};
		83DA0064DCBC47189C04E6D9 = {
			isa = PBXGroup;
			children = (
				7B10A10D06D04A92A100E95B /* Sources */,
				EF368CC0B81949B7989DA8D1 /* Resources */,
				253423F0936D4B38818670B0 /* Products */,
			);
			sourceTree = "<group>";
		};
		94A622555C744DEA807A4BBF /* ALL_BUILD */ = {
			isa = PBXGroup;
			children = (
				A3AAED636A36468282ACD106 /* CMake Rules */,
				1D8AEDD309694027A0AB0B3F /* CMakeLists.txt */,
			);
			name = ALL_BUILD;
			sourceTree = "<group>";
		};
		A3AAED636A36468282ACD106 /* CMake Rules */ = {
			isa = PBXGroup;
			children = (
			);
			name = "CMake Rules";
			sourceTree = "<group>";
		};
		C5C52D419F85415B94B7BEFE /* Domescape */ = {
			isa = PBXGroup;
			children = (
				28B14219FBA34623A580C371 /* Source Files */,
				F00D0CF1B53242EC9B79224D /* Header Files */,
				ACDAA59A4B6D4AD0B4C78544 /* CMakeLists.txt */,
			);
			name = Domescape;
			sourceTree = "<group>";
		};
		C60DDF75F14F4C23BAF6750B /* ZERO_CHECK */ = {
			isa = PBXGroup;
			children = (
				4B5CEAC2833945B19A0FA048 /* CMake Rules */,
				5AFF74D0E67C47038079865F /* CMakeLists.txt */,
			);
			name = ZERO_CHECK;
			sourceTree = "<group>";
		};
		EF368CC0B81949B7989DA8D1 /* Resources */ = {
			isa = PBXGroup;
			children = (
			);
			name = Resources;
			sourceTree = "<group>";
		};
		F00D0CF1B53242EC9B79224D /* Header Files */ = {
			isa = PBXGroup;
			children = (
				C7283DB913B64B7492962339 /* objloader.hpp */,
			);
			name = "Header Files";
			sourceTree = "<group>";
		};
/* End PBXGroup section */

/* Begin PBXNativeTarget section */
		AC9C17D5367C4E368FA5FABB /* Domescape */ = {
			isa = PBXNativeTarget;
			buildConfigurationList = EE66C190829047A9A688E8F2 /* Build configuration list for PBXNativeTarget "Domescape" */;
			buildPhases = (
				67A32840723943099AF3BA50 /* Sources */,
			);
			buildRules = (
			);
			dependencies = (
				DE939C3419DB4D3581EB8816 /* PBXTargetDependency */,
			);
			name = Domescape;
			productName = Domescape;
			productReference = D7E7E822103042808117BCC3 /* Domescape */;
			productType = "com.apple.product-type.tool";
		};
/* End PBXNativeTarget section */

/* Begin PBXProject section */
		4CE132D762A248B48D0E1DA6 /* Project object */ = {
			isa = PBXProject;
			attributes = {
				BuildIndependentTargetsInParallel = YES;
				LastUpgradeCheck = 0630;
			};
			buildConfigurationList = 2E7F061D92E74D298E334A68 /* Build configuration list for PBXProject "Domescape" */;
			compatibilityVersion = "Xcode 3.2";
			developmentRegion = English;
			hasScannedForEncodings = 0;
			knownRegions = (
				en,
			);
			mainGroup = 83DA0064DCBC47189C04E6D9;
			projectDirPath = "/Users/Daniel/Skolarbeten/Nuvarande/TNM061_3D-Grafik/3D_Projekt/project";
			projectRoot = "";
			targets = (
				AD2D28091C1945549B04086C /* ALL_BUILD */,
				AC9C17D5367C4E368FA5FABB /* Domescape */,
				89BFE430341B4E81B7AF93F3 /* ZERO_CHECK */,
			);
		};
/* End PBXProject section */

/* Begin PBXShellScriptBuildPhase section */
		02BCA7B62E504A93B4F85899 /* CMake Rules */ = {
			isa = PBXShellScriptBuildPhase;
			buildActionMask = 2147483647;
			files = (
			);
			name = "CMake Rules";
			runOnlyForDeploymentPostprocessing = 0;
			shellPath = /bin/sh;
			shellScript = "make -C /Users/Daniel/Skolarbeten/Nuvarande/TNM061_3D-Grafik/3D_Projekt/xCode -f /Users/Daniel/Skolarbeten/Nuvarande/TNM061_3D-Grafik/3D_Projekt/xCode/CMakeScripts/ALL_BUILD_cmakeRulesBuildPhase.make$CONFIGURATION all";
			showEnvVarsInLog = 0;
		};
		7E57E75BA10C4092B9C769E1 /* CMake Rules */ = {
			isa = PBXShellScriptBuildPhase;
			buildActionMask = 2147483647;
			files = (
			);
			name = "CMake Rules";
			runOnlyForDeploymentPostprocessing = 0;
			shellPath = /bin/sh;
			shellScript = "make -C /Users/Daniel/Skolarbeten/Nuvarande/TNM061_3D-Grafik/3D_Projekt/xCode -f /Users/Daniel/Skolarbeten/Nuvarande/TNM061_3D-Grafik/3D_Projekt/xCode/CMakeScripts/ZERO_CHECK_cmakeRulesBuildPhase.make$CONFIGURATION all";
			showEnvVarsInLog = 0;
		};
/* End PBXShellScriptBuildPhase section */

/* Begin PBXSourcesBuildPhase section */
		67A32840723943099AF3BA50 /* Sources */ = {
			isa = PBXSourcesBuildPhase;
			buildActionMask = 2147483647;
			files = (
				D9E06599045A481F8839D67F /* main.cpp in Sources */,
				A6C5B2E7C4D44948BF435CB0 /* objloader.cpp in Sources */,
			);
			runOnlyForDeploymentPostprocessing = 0;
		};
/* End PBXSourcesBuildPhase section */

/* Begin PBXTargetDependency section */
		2D00139D1F1B40F790ED3A90 /* PBXTargetDependency */ = {
			isa = PBXTargetDependency;
			target = 89BFE430341B4E81B7AF93F3 /* ZERO_CHECK */;
			targetProxy = FDD8E01F645D41C28DB03ED4 /* PBXContainerItemProxy */;
		};
		7D5012A2E76D459BB531ADF6 /* PBXTargetDependency */ = {
			isa = PBXTargetDependency;
			target = AC9C17D5367C4E368FA5FABB /* Domescape */;
			targetProxy = 3E5547C8D0744B4E9B1358B3 /* PBXContainerItemProxy */;
		};
		DE939C3419DB4D3581EB8816 /* PBXTargetDependency */ = {
			isa = PBXTargetDependency;
			target = 89BFE430341B4E81B7AF93F3 /* ZERO_CHECK */;
			targetProxy = 13DD94F9857B4CC499B126D2 /* PBXContainerItemProxy */;
		};
/* End PBXTargetDependency section */

/* Begin XCBuildConfiguration section */
		0043F967310547E889ECDBB3 /* RelWithDebInfo */ = {
			isa = XCBuildConfiguration;
			buildSettings = {
				MACOSX_DEPLOYMENT_TARGET = 10.9;
				SDKROOT = /Applications/Xcode.app/Contents/Developer/Platforms/MacOSX.platform/Developer/SDKs/MacOSX10.10.sdk;
				SYMROOT = "/Users/Daniel/Skolarbeten/Nuvarande/TNM061_3D-Grafik/3D_Projekt/xCode/build";
			};
			name = RelWithDebInfo;
		};
		03C2F37055CF4C229DF220EF /* Debug */ = {
			isa = XCBuildConfiguration;
			buildSettings = {
				MACOSX_DEPLOYMENT_TARGET = 10.9;
				ONLY_ACTIVE_ARCH = YES;
				SDKROOT = /Applications/Xcode.app/Contents/Developer/Platforms/MacOSX.platform/Developer/SDKs/MacOSX10.10.sdk;
				SYMROOT = "/Users/Daniel/Skolarbeten/Nuvarande/TNM061_3D-Grafik/3D_Projekt/xCode/build";
			};
			name = Debug;
		};
		189A85592FE74E02845CF953 /* MinSizeRel */ = {
			isa = XCBuildConfiguration;
			buildSettings = {
				COMBINE_HIDPI_IMAGES = YES;
				GCC_GENERATE_DEBUGGING_SYMBOLS = NO;
				GCC_INLINES_ARE_PRIVATE_EXTERN = NO;
				GCC_OPTIMIZATION_LEVEL = 0;
				GCC_PREPROCESSOR_DEFINITIONS = (
					"'CMAKE_INTDIR=\"$(CONFIGURATION)$(EFFECTIVE_PLATFORM_NAME)\"'",
					__APPLE__,
				);
				GCC_SYMBOLS_PRIVATE_EXTERN = NO;
				HEADER_SEARCH_PATHS = "/Users/Daniel/Skolarbeten/Nuvarande/TNM061_3D-Grafik/3D_Projekt/SGCT/include";
				INSTALL_PATH = "";
				OTHER_CFLAGS = "  ";
				OTHER_LDFLAGS = " ";
				OTHER_REZFLAGS = "";
				PRODUCT_NAME = ZERO_CHECK;
				SECTORDER_FLAGS = "";
				SYMROOT = "/Users/Daniel/Skolarbeten/Nuvarande/TNM061_3D-Grafik/3D_Projekt/xCode";
				USE_HEADERMAP = NO;
				WARNING_CFLAGS = (
					"-Wmost",
					"-Wno-four-char-constants",
					"-Wno-unknown-pragmas",
					"$(inherited)",
				);
			};
			name = MinSizeRel;
		};
		29782B89273A43798898CA10 /* MinSizeRel */ = {
			isa = XCBuildConfiguration;
			buildSettings = {
				COMBINE_HIDPI_IMAGES = YES;
				GCC_GENERATE_DEBUGGING_SYMBOLS = NO;
				GCC_INLINES_ARE_PRIVATE_EXTERN = NO;
				GCC_OPTIMIZATION_LEVEL = 0;
				GCC_PREPROCESSOR_DEFINITIONS = (
					"'CMAKE_INTDIR=\"$(CONFIGURATION)$(EFFECTIVE_PLATFORM_NAME)\"'",
					__APPLE__,
				);
				GCC_SYMBOLS_PRIVATE_EXTERN = NO;
				HEADER_SEARCH_PATHS = "/Users/Daniel/Skolarbeten/Nuvarande/TNM061_3D-Grafik/3D_Projekt/SGCT/include";
				INSTALL_PATH = "";
				OTHER_CFLAGS = "  ";
				OTHER_LDFLAGS = " ";
				OTHER_REZFLAGS = "";
				PRODUCT_NAME = ALL_BUILD;
				SECTORDER_FLAGS = "";
				SYMROOT = "/Users/Daniel/Skolarbeten/Nuvarande/TNM061_3D-Grafik/3D_Projekt/xCode";
				USE_HEADERMAP = NO;
				WARNING_CFLAGS = (
					"-Wmost",
					"-Wno-four-char-constants",
					"-Wno-unknown-pragmas",
					"$(inherited)",
				);
			};
			name = MinSizeRel;
		};
		5FBD42827A414C928956EA31 /* Debug */ = {
			isa = XCBuildConfiguration;
			buildSettings = {
				COMBINE_HIDPI_IMAGES = YES;
				GCC_GENERATE_DEBUGGING_SYMBOLS = NO;
				GCC_INLINES_ARE_PRIVATE_EXTERN = NO;
				GCC_OPTIMIZATION_LEVEL = 0;
				GCC_PREPROCESSOR_DEFINITIONS = (
					"'CMAKE_INTDIR=\"$(CONFIGURATION)$(EFFECTIVE_PLATFORM_NAME)\"'",
					__APPLE__,
				);
				GCC_SYMBOLS_PRIVATE_EXTERN = NO;
				HEADER_SEARCH_PATHS = "/Users/Daniel/Skolarbeten/Nuvarande/TNM061_3D-Grafik/3D_Projekt/SGCT/include";
				INSTALL_PATH = "";
				OTHER_CFLAGS = "  ";
				OTHER_LDFLAGS = " ";
				OTHER_REZFLAGS = "";
				PRODUCT_NAME = ZERO_CHECK;
				SECTORDER_FLAGS = "";
				SYMROOT = "/Users/Daniel/Skolarbeten/Nuvarande/TNM061_3D-Grafik/3D_Projekt/xCode";
				USE_HEADERMAP = NO;
				WARNING_CFLAGS = (
					"-Wmost",
					"-Wno-four-char-constants",
					"-Wno-unknown-pragmas",
					"$(inherited)",
				);
			};
			name = Debug;
		};
		6F2C3E2A14D14244A79EA73F /* Release */ = {
			isa = XCBuildConfiguration;
			buildSettings = {
				MACOSX_DEPLOYMENT_TARGET = 10.9;
				SDKROOT = /Applications/Xcode.app/Contents/Developer/Platforms/MacOSX.platform/Developer/SDKs/MacOSX10.10.sdk;
				SYMROOT = "/Users/Daniel/Skolarbeten/Nuvarande/TNM061_3D-Grafik/3D_Projekt/xCode/build";
			};
			name = Release;
		};
		7F27428DB17C4868A7E0DA70 /* RelWithDebInfo */ = {
			isa = XCBuildConfiguration;
			buildSettings = {
				CLANG_CXX_LANGUAGE_STANDARD = "c++11";
				CLANG_CXX_LIBRARY = "libc++";
				COMBINE_HIDPI_IMAGES = YES;
				CONFIGURATION_BUILD_DIR = "/Users/Daniel/Skolarbeten/Nuvarande/TNM061_3D-Grafik/3D_Projekt/project/RelWithDebInfo";
				EXECUTABLE_PREFIX = "";
				EXECUTABLE_SUFFIX = "";
				GCC_GENERATE_DEBUGGING_SYMBOLS = YES;
				GCC_INLINES_ARE_PRIVATE_EXTERN = NO;
				GCC_OPTIMIZATION_LEVEL = 2;
				GCC_PREPROCESSOR_DEFINITIONS = (
					"'CMAKE_INTDIR=\"$(CONFIGURATION)$(EFFECTIVE_PLATFORM_NAME)\"'",
					__APPLE__,
				);
				GCC_SYMBOLS_PRIVATE_EXTERN = NO;
				HEADER_SEARCH_PATHS = "/Users/Daniel/Skolarbeten/Nuvarande/TNM061_3D-Grafik/3D_Projekt/SGCT/include";
				INSTALL_PATH = "";
				LIBRARY_SEARCH_PATHS = "";
				OTHER_CFLAGS = "       -DNDEBUG  ";
				OTHER_CPLUSPLUSFLAGS = (
					"-std=c++11",
					"-stdlib=libc++",
					"-DNDEBUG",
				);
				OTHER_LDFLAGS = (
					"-Wl,-search_paths_first",
					"-Wl,-headerpad_max_install_names",
					"/Users/Daniel/Skolarbeten/Nuvarande/TNM061_3D-Grafik/3D_Projekt/SGCT/lib/libsgct_cpp11.a",
					"-framework",
					AGL,
					"-framework",
					OpenGL,
					"-framework",
					Cocoa,
					"-framework",
					IOKit,
					"-framework",
					CoreVideo,
				);
				OTHER_REZFLAGS = "";
				PRODUCT_NAME = Domescape;
				SECTORDER_FLAGS = "";
				SYMROOT = "/Users/Daniel/Skolarbeten/Nuvarande/TNM061_3D-Grafik/3D_Projekt/xCode";
				USE_HEADERMAP = NO;
				WARNING_CFLAGS = (
					"-Wmost",
					"-Wno-four-char-constants",
					"-Wno-unknown-pragmas",
					"$(inherited)",
				);
			};
			name = RelWithDebInfo;
		};
		826E930240F44C4E9D521569 /* MinSizeRel */ = {
			isa = XCBuildConfiguration;
			buildSettings = {
				MACOSX_DEPLOYMENT_TARGET = 10.9;
				SDKROOT = /Applications/Xcode.app/Contents/Developer/Platforms/MacOSX.platform/Developer/SDKs/MacOSX10.10.sdk;
				SYMROOT = "/Users/Daniel/Skolarbeten/Nuvarande/TNM061_3D-Grafik/3D_Projekt/xCode/build";
			};
			name = MinSizeRel;
		};
		90092A963519468984540D49 /* RelWithDebInfo */ = {
			isa = XCBuildConfiguration;
			buildSettings = {
				COMBINE_HIDPI_IMAGES = YES;
				GCC_GENERATE_DEBUGGING_SYMBOLS = NO;
				GCC_INLINES_ARE_PRIVATE_EXTERN = NO;
				GCC_OPTIMIZATION_LEVEL = 0;
				GCC_PREPROCESSOR_DEFINITIONS = (
					"'CMAKE_INTDIR=\"$(CONFIGURATION)$(EFFECTIVE_PLATFORM_NAME)\"'",
					__APPLE__,
				);
				GCC_SYMBOLS_PRIVATE_EXTERN = NO;
				HEADER_SEARCH_PATHS = "/Users/Daniel/Skolarbeten/Nuvarande/TNM061_3D-Grafik/3D_Projekt/SGCT/include";
				INSTALL_PATH = "";
				OTHER_CFLAGS = "  ";
				OTHER_LDFLAGS = " ";
				OTHER_REZFLAGS = "";
				PRODUCT_NAME = ZERO_CHECK;
				SECTORDER_FLAGS = "";
				SYMROOT = "/Users/Daniel/Skolarbeten/Nuvarande/TNM061_3D-Grafik/3D_Projekt/xCode";
				USE_HEADERMAP = NO;
				WARNING_CFLAGS = (
					"-Wmost",
					"-Wno-four-char-constants",
					"-Wno-unknown-pragmas",
					"$(inherited)",
				);
			};
			name = RelWithDebInfo;
		};
		9B6A39C443F547C595097B30 /* RelWithDebInfo */ = {
			isa = XCBuildConfiguration;
			buildSettings = {
				COMBINE_HIDPI_IMAGES = YES;
				GCC_GENERATE_DEBUGGING_SYMBOLS = NO;
				GCC_INLINES_ARE_PRIVATE_EXTERN = NO;
				GCC_OPTIMIZATION_LEVEL = 0;
				GCC_PREPROCESSOR_DEFINITIONS = (
					"'CMAKE_INTDIR=\"$(CONFIGURATION)$(EFFECTIVE_PLATFORM_NAME)\"'",
					__APPLE__,
				);
				GCC_SYMBOLS_PRIVATE_EXTERN = NO;
				HEADER_SEARCH_PATHS = "/Users/Daniel/Skolarbeten/Nuvarande/TNM061_3D-Grafik/3D_Projekt/SGCT/include";
				INSTALL_PATH = "";
				OTHER_CFLAGS = "  ";
				OTHER_LDFLAGS = " ";
				OTHER_REZFLAGS = "";
				PRODUCT_NAME = ALL_BUILD;
				SECTORDER_FLAGS = "";
				SYMROOT = "/Users/Daniel/Skolarbeten/Nuvarande/TNM061_3D-Grafik/3D_Projekt/xCode";
				USE_HEADERMAP = NO;
				WARNING_CFLAGS = (
					"-Wmost",
					"-Wno-four-char-constants",
					"-Wno-unknown-pragmas",
					"$(inherited)",
				);
			};
			name = RelWithDebInfo;
		};
		AE98AD90423E4296B046267F /* Debug */ = {
			isa = XCBuildConfiguration;
			buildSettings = {
				CLANG_CXX_LANGUAGE_STANDARD = "c++11";
				CLANG_CXX_LIBRARY = "libc++";
				COMBINE_HIDPI_IMAGES = YES;
				CONFIGURATION_BUILD_DIR = "/Users/Daniel/Skolarbeten/Nuvarande/TNM061_3D-Grafik/3D_Projekt/project";
				EXECUTABLE_PREFIX = "";
				EXECUTABLE_SUFFIX = "";
				GCC_GENERATE_DEBUGGING_SYMBOLS = YES;
				GCC_INLINES_ARE_PRIVATE_EXTERN = NO;
				GCC_OPTIMIZATION_LEVEL = 0;
				GCC_PREPROCESSOR_DEFINITIONS = (
					"'CMAKE_INTDIR=\"$(CONFIGURATION)$(EFFECTIVE_PLATFORM_NAME)\"'",
					__APPLE__,
				);
				GCC_SYMBOLS_PRIVATE_EXTERN = NO;
				HEADER_SEARCH_PATHS = "/Users/Daniel/Skolarbeten/Nuvarande/TNM061_3D-Grafik/3D_Projekt/SGCT/include";
				INSTALL_PATH = "";
				LIBRARY_SEARCH_PATHS = "";
				OTHER_CFLAGS = "    ";
				OTHER_CPLUSPLUSFLAGS = (
					"-std=c++11",
					"-stdlib=libc++",
				);
				OTHER_LDFLAGS = (
					"-Wl,-search_paths_first",
					"-Wl,-headerpad_max_install_names",
					"/Users/Daniel/Skolarbeten/Nuvarande/TNM061_3D-Grafik/3D_Projekt/SGCT/lib/libsgct_cpp11d.a",
					"-framework",
					AGL,
					"-framework",
					OpenGL,
					"-framework",
					Cocoa,
					"-framework",
					IOKit,
					"-framework",
					CoreVideo,
				);
				OTHER_REZFLAGS = "";
				PRODUCT_NAME = Domescape;
				SECTORDER_FLAGS = "";
				SYMROOT = "/Users/Daniel/Skolarbeten/Nuvarande/TNM061_3D-Grafik/3D_Projekt/xCode";
				USE_HEADERMAP = NO;
				WARNING_CFLAGS = (
					"-Wmost",
					"-Wno-four-char-constants",
					"-Wno-unknown-pragmas",
					"$(inherited)",
				);
			};
			name = Debug;
		};
		B58604803E4B4030ABC6FB2D /* Release */ = {
			isa = XCBuildConfiguration;
			buildSettings = {
				CLANG_CXX_LANGUAGE_STANDARD = "c++11";
				CLANG_CXX_LIBRARY = "libc++";
				COMBINE_HIDPI_IMAGES = YES;
				CONFIGURATION_BUILD_DIR = "/Users/Daniel/Skolarbeten/Nuvarande/TNM061_3D-Grafik/3D_Projekt/project";
				EXECUTABLE_PREFIX = "";
				EXECUTABLE_SUFFIX = "";
				GCC_GENERATE_DEBUGGING_SYMBOLS = NO;
				GCC_INLINES_ARE_PRIVATE_EXTERN = NO;
				GCC_OPTIMIZATION_LEVEL = 3;
				GCC_PREPROCESSOR_DEFINITIONS = (
					"'CMAKE_INTDIR=\"$(CONFIGURATION)$(EFFECTIVE_PLATFORM_NAME)\"'",
					__APPLE__,
				);
				GCC_SYMBOLS_PRIVATE_EXTERN = NO;
				HEADER_SEARCH_PATHS = "/Users/Daniel/Skolarbeten/Nuvarande/TNM061_3D-Grafik/3D_Projekt/SGCT/include";
				INSTALL_PATH = "";
				LIBRARY_SEARCH_PATHS = "";
				OTHER_CFLAGS = "    -DNDEBUG  ";
				OTHER_CPLUSPLUSFLAGS = (
					"-std=c++11",
					"-stdlib=libc++",
					"-DNDEBUG",
				);
				OTHER_LDFLAGS = (
					"-Wl,-search_paths_first",
					"-Wl,-headerpad_max_install_names",
					"/Users/Daniel/Skolarbeten/Nuvarande/TNM061_3D-Grafik/3D_Projekt/SGCT/lib/libsgct_cpp11.a",
					"-framework",
					AGL,
					"-framework",
					OpenGL,
					"-framework",
					Cocoa,
					"-framework",
					IOKit,
					"-framework",
					CoreVideo,
				);
				OTHER_REZFLAGS = "";
				PRODUCT_NAME = Domescape;
				SECTORDER_FLAGS = "";
				SYMROOT = "/Users/Daniel/Skolarbeten/Nuvarande/TNM061_3D-Grafik/3D_Projekt/xCode";
				USE_HEADERMAP = NO;
				WARNING_CFLAGS = (
					"-Wmost",
					"-Wno-four-char-constants",
					"-Wno-unknown-pragmas",
					"$(inherited)",
				);
			};
			name = Release;
		};
		BB42974A371D4F8E9505B40B /* Release */ = {
			isa = XCBuildConfiguration;
			buildSettings = {
				COMBINE_HIDPI_IMAGES = YES;
				GCC_GENERATE_DEBUGGING_SYMBOLS = NO;
				GCC_INLINES_ARE_PRIVATE_EXTERN = NO;
				GCC_OPTIMIZATION_LEVEL = 0;
				GCC_PREPROCESSOR_DEFINITIONS = (
					"'CMAKE_INTDIR=\"$(CONFIGURATION)$(EFFECTIVE_PLATFORM_NAME)\"'",
					__APPLE__,
				);
				GCC_SYMBOLS_PRIVATE_EXTERN = NO;
				HEADER_SEARCH_PATHS = "/Users/Daniel/Skolarbeten/Nuvarande/TNM061_3D-Grafik/3D_Projekt/SGCT/include";
				INSTALL_PATH = "";
				OTHER_CFLAGS = "  ";
				OTHER_LDFLAGS = " ";
				OTHER_REZFLAGS = "";
				PRODUCT_NAME = ALL_BUILD;
				SECTORDER_FLAGS = "";
				SYMROOT = "/Users/Daniel/Skolarbeten/Nuvarande/TNM061_3D-Grafik/3D_Projekt/xCode";
				USE_HEADERMAP = NO;
				WARNING_CFLAGS = (
					"-Wmost",
					"-Wno-four-char-constants",
					"-Wno-unknown-pragmas",
					"$(inherited)",
				);
			};
			name = Release;
		};
		CC07AFE0A3B54D339BC67AFF /* MinSizeRel */ = {
			isa = XCBuildConfiguration;
			buildSettings = {
				CLANG_CXX_LANGUAGE_STANDARD = "c++11";
				CLANG_CXX_LIBRARY = "libc++";
				COMBINE_HIDPI_IMAGES = YES;
				CONFIGURATION_BUILD_DIR = "/Users/Daniel/Skolarbeten/Nuvarande/TNM061_3D-Grafik/3D_Projekt/project/MinSizeRel";
				EXECUTABLE_PREFIX = "";
				EXECUTABLE_SUFFIX = "";
				GCC_GENERATE_DEBUGGING_SYMBOLS = NO;
				GCC_INLINES_ARE_PRIVATE_EXTERN = NO;
				GCC_OPTIMIZATION_LEVEL = s;
				GCC_PREPROCESSOR_DEFINITIONS = (
					"'CMAKE_INTDIR=\"$(CONFIGURATION)$(EFFECTIVE_PLATFORM_NAME)\"'",
					__APPLE__,
				);
				GCC_SYMBOLS_PRIVATE_EXTERN = NO;
				HEADER_SEARCH_PATHS = "/Users/Daniel/Skolarbeten/Nuvarande/TNM061_3D-Grafik/3D_Projekt/SGCT/include";
				INSTALL_PATH = "";
				LIBRARY_SEARCH_PATHS = "";
				OTHER_CFLAGS = "    -DNDEBUG  ";
				OTHER_CPLUSPLUSFLAGS = (
					"-std=c++11",
					"-stdlib=libc++",
					"-DNDEBUG",
				);
				OTHER_LDFLAGS = (
					"-Wl,-search_paths_first",
					"-Wl,-headerpad_max_install_names",
					"/Users/Daniel/Skolarbeten/Nuvarande/TNM061_3D-Grafik/3D_Projekt/SGCT/lib/libsgct_cpp11.a",
					"-framework",
					AGL,
					"-framework",
					OpenGL,
					"-framework",
					Cocoa,
					"-framework",
					IOKit,
					"-framework",
					CoreVideo,
				);
				OTHER_REZFLAGS = "";
				PRODUCT_NAME = Domescape;
				SECTORDER_FLAGS = "";
				SYMROOT = "/Users/Daniel/Skolarbeten/Nuvarande/TNM061_3D-Grafik/3D_Projekt/xCode";
				USE_HEADERMAP = NO;
				WARNING_CFLAGS = (
					"-Wmost",
					"-Wno-four-char-constants",
					"-Wno-unknown-pragmas",
					"$(inherited)",
				);
			};
			name = MinSizeRel;
		};
		E16B2ACBD1F146C39BE9AF37 /* Release */ = {
			isa = XCBuildConfiguration;
			buildSettings = {
				COMBINE_HIDPI_IMAGES = YES;
				GCC_GENERATE_DEBUGGING_SYMBOLS = NO;
				GCC_INLINES_ARE_PRIVATE_EXTERN = NO;
				GCC_OPTIMIZATION_LEVEL = 0;
				GCC_PREPROCESSOR_DEFINITIONS = (
					"'CMAKE_INTDIR=\"$(CONFIGURATION)$(EFFECTIVE_PLATFORM_NAME)\"'",
					__APPLE__,
				);
				GCC_SYMBOLS_PRIVATE_EXTERN = NO;
				HEADER_SEARCH_PATHS = "/Users/Daniel/Skolarbeten/Nuvarande/TNM061_3D-Grafik/3D_Projekt/SGCT/include";
				INSTALL_PATH = "";
				OTHER_CFLAGS = "  ";
				OTHER_LDFLAGS = " ";
				OTHER_REZFLAGS = "";
				PRODUCT_NAME = ZERO_CHECK;
				SECTORDER_FLAGS = "";
				SYMROOT = "/Users/Daniel/Skolarbeten/Nuvarande/TNM061_3D-Grafik/3D_Projekt/xCode";
				USE_HEADERMAP = NO;
				WARNING_CFLAGS = (
					"-Wmost",
					"-Wno-four-char-constants",
					"-Wno-unknown-pragmas",
					"$(inherited)",
				);
			};
			name = Release;
		};
		EE3DDC41AD5F4375B15A9680 /* Debug */ = {
			isa = XCBuildConfiguration;
			buildSettings = {
				COMBINE_HIDPI_IMAGES = YES;
				GCC_GENERATE_DEBUGGING_SYMBOLS = NO;
				GCC_INLINES_ARE_PRIVATE_EXTERN = NO;
				GCC_OPTIMIZATION_LEVEL = 0;
				GCC_PREPROCESSOR_DEFINITIONS = (
					"'CMAKE_INTDIR=\"$(CONFIGURATION)$(EFFECTIVE_PLATFORM_NAME)\"'",
					__APPLE__,
				);
				GCC_SYMBOLS_PRIVATE_EXTERN = NO;
				HEADER_SEARCH_PATHS = "/Users/Daniel/Skolarbeten/Nuvarande/TNM061_3D-Grafik/3D_Projekt/SGCT/include";
				INSTALL_PATH = "";
				OTHER_CFLAGS = "  ";
				OTHER_LDFLAGS = " ";
				OTHER_REZFLAGS = "";
				PRODUCT_NAME = ALL_BUILD;
				SECTORDER_FLAGS = "";
				SYMROOT = "/Users/Daniel/Skolarbeten/Nuvarande/TNM061_3D-Grafik/3D_Projekt/xCode";
				USE_HEADERMAP = NO;
				WARNING_CFLAGS = (
					"-Wmost",
					"-Wno-four-char-constants",
					"-Wno-unknown-pragmas",
					"$(inherited)",
				);
			};
			name = Debug;
		};
/* End XCBuildConfiguration section */

/* Begin XCConfigurationList section */
		2E7F061D92E74D298E334A68 /* Build configuration list for PBXProject "Domescape" */ = {
			isa = XCConfigurationList;
			buildConfigurations = (
				03C2F37055CF4C229DF220EF /* Debug */,
				6F2C3E2A14D14244A79EA73F /* Release */,
				826E930240F44C4E9D521569 /* MinSizeRel */,
				0043F967310547E889ECDBB3 /* RelWithDebInfo */,
			);
			defaultConfigurationIsVisible = 0;
			defaultConfigurationName = Debug;
		};
		70EAE6B5C8C84410940540C6 /* Build configuration list for PBXAggregateTarget "ZERO_CHECK" */ = {
			isa = XCConfigurationList;
			buildConfigurations = (
				5FBD42827A414C928956EA31 /* Debug */,
				E16B2ACBD1F146C39BE9AF37 /* Release */,
				189A85592FE74E02845CF953 /* MinSizeRel */,
				90092A963519468984540D49 /* RelWithDebInfo */,
			);
			defaultConfigurationIsVisible = 0;
			defaultConfigurationName = Debug;
		};
		BE1EE56F45EA4ABB8B9B0398 /* Build configuration list for PBXAggregateTarget "ALL_BUILD" */ = {
			isa = XCConfigurationList;
			buildConfigurations = (
				EE3DDC41AD5F4375B15A9680 /* Debug */,
				BB42974A371D4F8E9505B40B /* Release */,
				29782B89273A43798898CA10 /* MinSizeRel */,
				9B6A39C443F547C595097B30 /* RelWithDebInfo */,
			);
			defaultConfigurationIsVisible = 0;
			defaultConfigurationName = Debug;
		};
		EE66C190829047A9A688E8F2 /* Build configuration list for PBXNativeTarget "Domescape" */ = {
			isa = XCConfigurationList;
			buildConfigurations = (
				AE98AD90423E4296B046267F /* Debug */,
				B58604803E4B4030ABC6FB2D /* Release */,
				CC07AFE0A3B54D339BC67AFF /* MinSizeRel */,
				7F27428DB17C4868A7E0DA70 /* RelWithDebInfo */,
			);
			defaultConfigurationIsVisible = 0;
			defaultConfigurationName = Debug;
		};
/* End XCConfigurationList section */
	};
	rootObject = 4CE132D762A248B48D0E1DA6 /* Project object */;
}
