// !$*UTF8*$!
{
	archiveVersion = 1;
	classes = {
	};
	objectVersion = 46;
	objects = {

/* Begin PBXAggregateTarget section */
		13C3A2A59CD948199F3150E3 /* ZERO_CHECK */ = {
			isa = PBXAggregateTarget;
			buildConfigurationList = 1F8F7D7DEB344F2FA9A0FE84 /* Build configuration list for PBXAggregateTarget "ZERO_CHECK" */;
			buildPhases = (
				0945B7FFDC914F96A80FF928 /* CMake Rules */,
			);
			dependencies = (
			);
			name = ZERO_CHECK;
			productName = ZERO_CHECK;
		};
		55CECED8FF6948BAAD2C5D6C /* ALL_BUILD */ = {
			isa = PBXAggregateTarget;
			buildConfigurationList = 65154E2DD4B44111A1F77C4C /* Build configuration list for PBXAggregateTarget "ALL_BUILD" */;
			buildPhases = (
				8A5B6392124B444AB59E57C0 /* CMake Rules */,
			);
			dependencies = (
				EFBC203BB6F1436F8B2EDC33 /* PBXTargetDependency */,
				5D21DCF0246546028B066568 /* PBXTargetDependency */,
			);
			name = ALL_BUILD;
			productName = ALL_BUILD;
		};
/* End PBXAggregateTarget section */

/* Begin PBXBuildFile section */
		58FA2A1EA595447C9A69D56A /* model.cpp in Sources */ = {isa = PBXBuildFile; fileRef = 3A563C9626EC43368AD1FE22 /* model.cpp */; settings = {COMPILER_FLAGS = ""; }; };
		65BA401A1AFBE330006EF6C3 /* main.cpp in Sources */ = {isa = PBXBuildFile; fileRef = AE43C9FBA1804D06A38E03FA /* main.cpp */; };
/* End PBXBuildFile section */

/* Begin PBXContainerItemProxy section */
		55732E175CFA426F869752DB /* PBXContainerItemProxy */ = {
			isa = PBXContainerItemProxy;
			containerPortal = 2D5A6D982B154FFE86390752 /* Project object */;
			proxyType = 1;
			remoteGlobalIDString = 7443292CDE7641E0ACA14884;
			remoteInfo = Domescape;
		};
		E1A55174317D44069277EBD4 /* PBXContainerItemProxy */ = {
			isa = PBXContainerItemProxy;
			containerPortal = 2D5A6D982B154FFE86390752 /* Project object */;
			proxyType = 1;
			remoteGlobalIDString = 13C3A2A59CD948199F3150E3;
			remoteInfo = ZERO_CHECK;
		};
		E4290D35BA6B4A54ACA9C0D2 /* PBXContainerItemProxy */ = {
			isa = PBXContainerItemProxy;
			containerPortal = 2D5A6D982B154FFE86390752 /* Project object */;
			proxyType = 1;
			remoteGlobalIDString = 13C3A2A59CD948199F3150E3;
			remoteInfo = ZERO_CHECK;
		};
/* End PBXContainerItemProxy section */

/* Begin PBXFileReference section */
		1D13C11C454F47658F3432F8 /* CMakeLists.txt */ = {isa = PBXFileReference; explicitFileType = sourcecode.text; fileEncoding = 4; lastKnownFileType = text; path = CMakeLists.txt; sourceTree = SOURCE_ROOT; };
		1ED9F4C67B754C0AB877CD94 /* Domescape */ = {isa = PBXFileReference; explicitFileType = "compiled.mach-o.executable"; path = Domescape; sourceTree = BUILT_PRODUCTS_DIR; };
		3A563C9626EC43368AD1FE22 /* model.cpp */ = {isa = PBXFileReference; explicitFileType = sourcecode.cpp.cpp; fileEncoding = 4; path = model.cpp; sourceTree = SOURCE_ROOT; };
		6F386B4A82374B139D63C3BD /* CMakeLists.txt */ = {isa = PBXFileReference; explicitFileType = sourcecode.text; fileEncoding = 4; lastKnownFileType = text; path = CMakeLists.txt; sourceTree = SOURCE_ROOT; };
		9A270945E9484EC89DE14AB4 /* model.hpp */ = {isa = PBXFileReference; explicitFileType = sourcecode.cpp.h; fileEncoding = 4; path = model.hpp; sourceTree = SOURCE_ROOT; };
		AE43C9FBA1804D06A38E03FA /* main.cpp */ = {isa = PBXFileReference; explicitFileType = sourcecode.cpp.cpp; fileEncoding = 4; path = main.cpp; sourceTree = SOURCE_ROOT; };
		FCFD0FC5E1F643A7ACBB19E4 /* CMakeLists.txt */ = {isa = PBXFileReference; explicitFileType = sourcecode.text; fileEncoding = 4; lastKnownFileType = text; path = CMakeLists.txt; sourceTree = SOURCE_ROOT; };
/* End PBXFileReference section */

/* Begin PBXGroup section */
		05BA0B93AA104EE6830CE387 /* Resources */ = {
			isa = PBXGroup;
			children = (
			);
			name = Resources;
			sourceTree = "<group>";
		};
		195AC57980ED488EA2E9ECF1 /* Header Files */ = {
			isa = PBXGroup;
			children = (
				9A270945E9484EC89DE14AB4 /* model.hpp */,
			);
			name = "Header Files";
			sourceTree = "<group>";
		};
		3ECC8AF61E2144CDBFD88255 /* CMake Rules */ = {
			isa = PBXGroup;
			children = (
			);
			name = "CMake Rules";
			sourceTree = "<group>";
		};
		470E4F97894E40FFA3229DEC /* CMake Rules */ = {
			isa = PBXGroup;
			children = (
			);
			name = "CMake Rules";
			sourceTree = "<group>";
		};
		731376C701C54286B723D5A2 /* ALL_BUILD */ = {
			isa = PBXGroup;
			children = (
				470E4F97894E40FFA3229DEC /* CMake Rules */,
				FCFD0FC5E1F643A7ACBB19E4 /* CMakeLists.txt */,
			);
			name = ALL_BUILD;
			sourceTree = "<group>";
		};
		740A5288BD1E4FE09388A3F7 /* Source Files */ = {
			isa = PBXGroup;
			children = (
				AE43C9FBA1804D06A38E03FA /* main.cpp */,
				3A563C9626EC43368AD1FE22 /* model.cpp */,
			);
			name = "Source Files";
			sourceTree = "<group>";
		};
		856C64DD1FFD42749EA13EC8 /* Domescape */ = {
			isa = PBXGroup;
			children = (
				740A5288BD1E4FE09388A3F7 /* Source Files */,
				195AC57980ED488EA2E9ECF1 /* Header Files */,
				6F386B4A82374B139D63C3BD /* CMakeLists.txt */,
			);
			name = Domescape;
			sourceTree = "<group>";
		};
		95FCE110E0F548C896F3CE50 /* Sources */ = {
			isa = PBXGroup;
			children = (
				731376C701C54286B723D5A2 /* ALL_BUILD */,
				A288CEFE263747DDA39A2478 /* ZERO_CHECK */,
				856C64DD1FFD42749EA13EC8 /* Domescape */,
			);
			name = Sources;
			sourceTree = "<group>";
		};
		A288CEFE263747DDA39A2478 /* ZERO_CHECK */ = {
			isa = PBXGroup;
			children = (
				3ECC8AF61E2144CDBFD88255 /* CMake Rules */,
				1D13C11C454F47658F3432F8 /* CMakeLists.txt */,
			);
			name = ZERO_CHECK;
			sourceTree = "<group>";
		};
		AEBC8B642AB94E7898F60A65 /* Products */ = {
			isa = PBXGroup;
			children = (
				1ED9F4C67B754C0AB877CD94 /* Domescape */,
			);
			name = Products;
			sourceTree = "<group>";
		};
		B8FFB4BC2F134B56942327A0 = {
			isa = PBXGroup;
			children = (
				95FCE110E0F548C896F3CE50 /* Sources */,
				05BA0B93AA104EE6830CE387 /* Resources */,
				AEBC8B642AB94E7898F60A65 /* Products */,
			);
			sourceTree = "<group>";
		};
/* End PBXGroup section */

/* Begin PBXNativeTarget section */
		7443292CDE7641E0ACA14884 /* Domescape */ = {
			isa = PBXNativeTarget;
			buildConfigurationList = 52A422A9766B418DA99CF8F7 /* Build configuration list for PBXNativeTarget "Domescape" */;
			buildPhases = (
				8AE15A2BCA054C5BBFBA9D10 /* Sources */,
			);
			buildRules = (
			);
			dependencies = (
				29AE11689F494F0DAE7DC940 /* PBXTargetDependency */,
			);
			name = Domescape;
			productName = Domescape;
			productReference = 1ED9F4C67B754C0AB877CD94 /* Domescape */;
			productType = "com.apple.product-type.tool";
		};
/* End PBXNativeTarget section */

/* Begin PBXProject section */
		2D5A6D982B154FFE86390752 /* Project object */ = {
			isa = PBXProject;
			attributes = {
				BuildIndependentTargetsInParallel = YES;
				LastUpgradeCheck = 0630;
			};
			buildConfigurationList = 6090D43AB6B44B0FA6182DFB /* Build configuration list for PBXProject "Domescape" */;
			compatibilityVersion = "Xcode 3.2";
			developmentRegion = English;
			hasScannedForEncodings = 0;
			knownRegions = (
				en,
			);
			mainGroup = B8FFB4BC2F134B56942327A0;
			projectDirPath = "/Users/Daniel/Skolarbeten/Nuvarande/TNM061_3D-Grafik/3D_Projekt/project";
			projectRoot = "";
			targets = (
				55CECED8FF6948BAAD2C5D6C /* ALL_BUILD */,
				7443292CDE7641E0ACA14884 /* Domescape */,
				13C3A2A59CD948199F3150E3 /* ZERO_CHECK */,
			);
		};
/* End PBXProject section */

/* Begin PBXShellScriptBuildPhase section */
		0945B7FFDC914F96A80FF928 /* CMake Rules */ = {
			isa = PBXShellScriptBuildPhase;
			buildActionMask = 2147483647;
			files = (
			);
			name = "CMake Rules";
			runOnlyForDeploymentPostprocessing = 0;
			shellPath = /bin/sh;
			shellScript = "make -C /Users/Daniel/Skolarbeten/Nuvarande/TNM061_3D-Grafik/3D_Projekt/xCode -f /Users/Daniel/Skolarbeten/Nuvarande/TNM061_3D-Grafik/3D_Projekt/xCode/CMakeScripts/ZERO_CHECK_cmakeRulesBuildPhase.make$CONFIGURATION all";
			showEnvVarsInLog = 0;
		};
		8A5B6392124B444AB59E57C0 /* CMake Rules */ = {
			isa = PBXShellScriptBuildPhase;
			buildActionMask = 2147483647;
			files = (
			);
			name = "CMake Rules";
			runOnlyForDeploymentPostprocessing = 0;
			shellPath = /bin/sh;
			shellScript = "make -C /Users/Daniel/Skolarbeten/Nuvarande/TNM061_3D-Grafik/3D_Projekt/xCode -f /Users/Daniel/Skolarbeten/Nuvarande/TNM061_3D-Grafik/3D_Projekt/xCode/CMakeScripts/ALL_BUILD_cmakeRulesBuildPhase.make$CONFIGURATION all";
			showEnvVarsInLog = 0;
		};
/* End PBXShellScriptBuildPhase section */

/* Begin PBXSourcesBuildPhase section */
		8AE15A2BCA054C5BBFBA9D10 /* Sources */ = {
			isa = PBXSourcesBuildPhase;
			buildActionMask = 2147483647;
			files = (
				65BA401A1AFBE330006EF6C3 /* main.cpp in Sources */,
				58FA2A1EA595447C9A69D56A /* model.cpp in Sources */,
			);
			runOnlyForDeploymentPostprocessing = 0;
		};
/* End PBXSourcesBuildPhase section */

/* Begin PBXTargetDependency section */
		29AE11689F494F0DAE7DC940 /* PBXTargetDependency */ = {
			isa = PBXTargetDependency;
			target = 13C3A2A59CD948199F3150E3 /* ZERO_CHECK */;
			targetProxy = E1A55174317D44069277EBD4 /* PBXContainerItemProxy */;
		};
		5D21DCF0246546028B066568 /* PBXTargetDependency */ = {
			isa = PBXTargetDependency;
			target = 7443292CDE7641E0ACA14884 /* Domescape */;
			targetProxy = 55732E175CFA426F869752DB /* PBXContainerItemProxy */;
		};
		EFBC203BB6F1436F8B2EDC33 /* PBXTargetDependency */ = {
			isa = PBXTargetDependency;
			target = 13C3A2A59CD948199F3150E3 /* ZERO_CHECK */;
			targetProxy = E4290D35BA6B4A54ACA9C0D2 /* PBXContainerItemProxy */;
		};
/* End PBXTargetDependency section */

/* Begin XCBuildConfiguration section */
		0A1322FACA94433EA06D01E5 /* RelWithDebInfo */ = {
			isa = XCBuildConfiguration;
			buildSettings = {
				MACOSX_DEPLOYMENT_TARGET = 10.9;
				SDKROOT = /Applications/Xcode.app/Contents/Developer/Platforms/MacOSX.platform/Developer/SDKs/MacOSX10.10.sdk;
				SYMROOT = "/Users/Daniel/Skolarbeten/Nuvarande/TNM061_3D-Grafik/3D_Projekt/xCode/build";
			};
			name = RelWithDebInfo;
		};
		0E684C4CB9684831A7970BF2 /* RelWithDebInfo */ = {
			isa = XCBuildConfiguration;
			buildSettings = {
				COMBINE_HIDPI_IMAGES = YES;
				GCC_GENERATE_DEBUGGING_SYMBOLS = NO;
				GCC_INLINES_ARE_PRIVATE_EXTERN = NO;
				GCC_OPTIMIZATION_LEVEL = 0;
				GCC_PREPROCESSOR_DEFINITIONS = (
					"'CMAKE_INTDIR=\"$(CONFIGURATION)$(EFFECTIVE_PLATFORM_NAME)\"'",
					__APPLE__,
				);
				GCC_SYMBOLS_PRIVATE_EXTERN = NO;
				HEADER_SEARCH_PATHS = /usr/local/include;
				INSTALL_PATH = "";
				OTHER_CFLAGS = "  ";
				OTHER_LDFLAGS = " ";
				OTHER_REZFLAGS = "";
				PRODUCT_NAME = ALL_BUILD;
				SECTORDER_FLAGS = "";
				SYMROOT = "/Users/Daniel/Skolarbeten/Nuvarande/TNM061_3D-Grafik/3D_Projekt/xCode";
				USE_HEADERMAP = NO;
				WARNING_CFLAGS = (
					"-Wmost",
					"-Wno-four-char-constants",
					"-Wno-unknown-pragmas",
					"$(inherited)",
				);
			};
			name = RelWithDebInfo;
		};
		174667D1493F402B9C0FB8B4 /* MinSizeRel */ = {
			isa = XCBuildConfiguration;
			buildSettings = {
				MACOSX_DEPLOYMENT_TARGET = 10.9;
				SDKROOT = /Applications/Xcode.app/Contents/Developer/Platforms/MacOSX.platform/Developer/SDKs/MacOSX10.10.sdk;
				SYMROOT = "/Users/Daniel/Skolarbeten/Nuvarande/TNM061_3D-Grafik/3D_Projekt/xCode/build";
			};
			name = MinSizeRel;
		};
		3451F78260044C34BC19737F /* Debug */ = {
			isa = XCBuildConfiguration;
			buildSettings = {
				CLANG_CXX_LANGUAGE_STANDARD = "c++11";
				CLANG_CXX_LIBRARY = "libc++";
				COMBINE_HIDPI_IMAGES = YES;
				CONFIGURATION_BUILD_DIR = "/Users/Daniel/Skolarbeten/Nuvarande/TNM061_3D-Grafik/3D_Projekt/project";
				EXECUTABLE_PREFIX = "";
				EXECUTABLE_SUFFIX = "";
				GCC_GENERATE_DEBUGGING_SYMBOLS = YES;
				GCC_INLINES_ARE_PRIVATE_EXTERN = NO;
				GCC_OPTIMIZATION_LEVEL = 0;
				GCC_PREPROCESSOR_DEFINITIONS = (
					"'CMAKE_INTDIR=\"$(CONFIGURATION)$(EFFECTIVE_PLATFORM_NAME)\"'",
					__APPLE__,
				);
				GCC_SYMBOLS_PRIVATE_EXTERN = NO;
				HEADER_SEARCH_PATHS = /usr/local/include;
				INSTALL_PATH = "";
				LIBRARY_SEARCH_PATHS = "";
				OTHER_CFLAGS = "    ";
				OTHER_CPLUSPLUSFLAGS = (
					"-std=c++11",
					"-stdlib=libc++",
				);
				OTHER_LDFLAGS = (
					"-Wl,-search_paths_first",
					"-Wl,-headerpad_max_install_names",
					/usr/lib/cspice.a,
					/usr/local/lib/libsgct_cpp11d.a,
					"-framework",
					AGL,
					"-framework",
					OpenGL,
					"-framework",
					Cocoa,
					"-framework",
					IOKit,
					"-framework",
					CoreVideo,
				);
				OTHER_REZFLAGS = "";
				PRODUCT_NAME = Domescape;
				SECTORDER_FLAGS = "";
				SYMROOT = "/Users/Daniel/Skolarbeten/Nuvarande/TNM061_3D-Grafik/3D_Projekt/xCode";
				USE_HEADERMAP = NO;
				WARNING_CFLAGS = (
					"-Wmost",
					"-Wno-four-char-constants",
					"-Wno-unknown-pragmas",
					"$(inherited)",
				);
			};
			name = Debug;
		};
		41A4AA39D3214444B6C39BE2 /* Debug */ = {
			isa = XCBuildConfiguration;
			buildSettings = {
				MACOSX_DEPLOYMENT_TARGET = 10.9;
				ONLY_ACTIVE_ARCH = YES;
				SDKROOT = /Applications/Xcode.app/Contents/Developer/Platforms/MacOSX.platform/Developer/SDKs/MacOSX10.10.sdk;
				SYMROOT = "/Users/Daniel/Skolarbeten/Nuvarande/TNM061_3D-Grafik/3D_Projekt/xCode/build";
			};
			name = Debug;
		};
		43DC0B66B26B4CBB8D0FF3E6 /* Debug */ = {
			isa = XCBuildConfiguration;
			buildSettings = {
				COMBINE_HIDPI_IMAGES = YES;
				GCC_GENERATE_DEBUGGING_SYMBOLS = NO;
				GCC_INLINES_ARE_PRIVATE_EXTERN = NO;
				GCC_OPTIMIZATION_LEVEL = 0;
				GCC_PREPROCESSOR_DEFINITIONS = (
					"'CMAKE_INTDIR=\"$(CONFIGURATION)$(EFFECTIVE_PLATFORM_NAME)\"'",
					__APPLE__,
				);
				GCC_SYMBOLS_PRIVATE_EXTERN = NO;
				HEADER_SEARCH_PATHS = /usr/local/include;
				INSTALL_PATH = "";
				OTHER_CFLAGS = "  ";
				OTHER_LDFLAGS = " ";
				OTHER_REZFLAGS = "";
				PRODUCT_NAME = ZERO_CHECK;
				SECTORDER_FLAGS = "";
				SYMROOT = "/Users/Daniel/Skolarbeten/Nuvarande/TNM061_3D-Grafik/3D_Projekt/xCode";
				USE_HEADERMAP = NO;
				WARNING_CFLAGS = (
					"-Wmost",
					"-Wno-four-char-constants",
					"-Wno-unknown-pragmas",
					"$(inherited)",
				);
			};
			name = Debug;
		};
		50FA772C2BC043D686BE9216 /* MinSizeRel */ = {
			isa = XCBuildConfiguration;
			buildSettings = {
				COMBINE_HIDPI_IMAGES = YES;
				GCC_GENERATE_DEBUGGING_SYMBOLS = NO;
				GCC_INLINES_ARE_PRIVATE_EXTERN = NO;
				GCC_OPTIMIZATION_LEVEL = 0;
				GCC_PREPROCESSOR_DEFINITIONS = (
					"'CMAKE_INTDIR=\"$(CONFIGURATION)$(EFFECTIVE_PLATFORM_NAME)\"'",
					__APPLE__,
				);
				GCC_SYMBOLS_PRIVATE_EXTERN = NO;
				HEADER_SEARCH_PATHS = /usr/local/include;
				INSTALL_PATH = "";
				OTHER_CFLAGS = "  ";
				OTHER_LDFLAGS = " ";
				OTHER_REZFLAGS = "";
				PRODUCT_NAME = ZERO_CHECK;
				SECTORDER_FLAGS = "";
				SYMROOT = "/Users/Daniel/Skolarbeten/Nuvarande/TNM061_3D-Grafik/3D_Projekt/xCode";
				USE_HEADERMAP = NO;
				WARNING_CFLAGS = (
					"-Wmost",
					"-Wno-four-char-constants",
					"-Wno-unknown-pragmas",
					"$(inherited)",
				);
			};
			name = MinSizeRel;
		};
		5BF49DA530104EE2A56CE0EA /* Release */ = {
			isa = XCBuildConfiguration;
			buildSettings = {
				CLANG_CXX_LANGUAGE_STANDARD = "c++11";
				CLANG_CXX_LIBRARY = "libc++";
				COMBINE_HIDPI_IMAGES = YES;
				CONFIGURATION_BUILD_DIR = "/Users/Daniel/Skolarbeten/Nuvarande/TNM061_3D-Grafik/3D_Projekt/project";
				EXECUTABLE_PREFIX = "";
				EXECUTABLE_SUFFIX = "";
				GCC_GENERATE_DEBUGGING_SYMBOLS = NO;
				GCC_INLINES_ARE_PRIVATE_EXTERN = NO;
				GCC_OPTIMIZATION_LEVEL = 3;
				GCC_PREPROCESSOR_DEFINITIONS = (
					"'CMAKE_INTDIR=\"$(CONFIGURATION)$(EFFECTIVE_PLATFORM_NAME)\"'",
					__APPLE__,
				);
				GCC_SYMBOLS_PRIVATE_EXTERN = NO;
				HEADER_SEARCH_PATHS = /usr/local/include;
				INSTALL_PATH = "";
				LIBRARY_SEARCH_PATHS = "";
				OTHER_CFLAGS = "    -DNDEBUG  ";
				OTHER_CPLUSPLUSFLAGS = (
					"-std=c++11",
					"-stdlib=libc++",
					"-DNDEBUG",
				);
				OTHER_LDFLAGS = (
					"-Wl,-search_paths_first",
					"-Wl,-headerpad_max_install_names",
					/usr/lib/cspice.a,
					/usr/local/lib/libsgct_cpp11.a,
					"-framework",
					AGL,
					"-framework",
					OpenGL,
					"-framework",
					Cocoa,
					"-framework",
					IOKit,
					"-framework",
					CoreVideo,
				);
				OTHER_REZFLAGS = "";
				PRODUCT_NAME = Domescape;
				SECTORDER_FLAGS = "";
				SYMROOT = "/Users/Daniel/Skolarbeten/Nuvarande/TNM061_3D-Grafik/3D_Projekt/xCode";
				USE_HEADERMAP = NO;
				WARNING_CFLAGS = (
					"-Wmost",
					"-Wno-four-char-constants",
					"-Wno-unknown-pragmas",
					"$(inherited)",
				);
			};
			name = Release;
		};
		6F3A1F8537934A188D9B5340 /* MinSizeRel */ = {
			isa = XCBuildConfiguration;
			buildSettings = {
				CLANG_CXX_LANGUAGE_STANDARD = "c++11";
				CLANG_CXX_LIBRARY = "libc++";
				COMBINE_HIDPI_IMAGES = YES;
				CONFIGURATION_BUILD_DIR = "/Users/Daniel/Skolarbeten/Nuvarande/TNM061_3D-Grafik/3D_Projekt/project/MinSizeRel";
				EXECUTABLE_PREFIX = "";
				EXECUTABLE_SUFFIX = "";
				GCC_GENERATE_DEBUGGING_SYMBOLS = NO;
				GCC_INLINES_ARE_PRIVATE_EXTERN = NO;
				GCC_OPTIMIZATION_LEVEL = s;
				GCC_PREPROCESSOR_DEFINITIONS = (
					"'CMAKE_INTDIR=\"$(CONFIGURATION)$(EFFECTIVE_PLATFORM_NAME)\"'",
					__APPLE__,
				);
				GCC_SYMBOLS_PRIVATE_EXTERN = NO;
				HEADER_SEARCH_PATHS = /usr/local/include;
				INSTALL_PATH = "";
				LIBRARY_SEARCH_PATHS = "";
				OTHER_CFLAGS = "    -DNDEBUG  ";
				OTHER_CPLUSPLUSFLAGS = (
					"-std=c++11",
					"-stdlib=libc++",
					"-DNDEBUG",
				);
				OTHER_LDFLAGS = (
					"-Wl,-search_paths_first",
					"-Wl,-headerpad_max_install_names",
					/usr/lib/cspice.a,
					/usr/local/lib/libsgct_cpp11.a,
					"-framework",
					AGL,
					"-framework",
					OpenGL,
					"-framework",
					Cocoa,
					"-framework",
					IOKit,
					"-framework",
					CoreVideo,
				);
				OTHER_REZFLAGS = "";
				PRODUCT_NAME = Domescape;
				SECTORDER_FLAGS = "";
				SYMROOT = "/Users/Daniel/Skolarbeten/Nuvarande/TNM061_3D-Grafik/3D_Projekt/xCode";
				USE_HEADERMAP = NO;
				WARNING_CFLAGS = (
					"-Wmost",
					"-Wno-four-char-constants",
					"-Wno-unknown-pragmas",
					"$(inherited)",
				);
			};
			name = MinSizeRel;
		};
		8069AB8756F64A7EA472BE92 /* RelWithDebInfo */ = {
			isa = XCBuildConfiguration;
			buildSettings = {
				COMBINE_HIDPI_IMAGES = YES;
				GCC_GENERATE_DEBUGGING_SYMBOLS = NO;
				GCC_INLINES_ARE_PRIVATE_EXTERN = NO;
				GCC_OPTIMIZATION_LEVEL = 0;
				GCC_PREPROCESSOR_DEFINITIONS = (
					"'CMAKE_INTDIR=\"$(CONFIGURATION)$(EFFECTIVE_PLATFORM_NAME)\"'",
					__APPLE__,
				);
				GCC_SYMBOLS_PRIVATE_EXTERN = NO;
				HEADER_SEARCH_PATHS = /usr/local/include;
				INSTALL_PATH = "";
				OTHER_CFLAGS = "  ";
				OTHER_LDFLAGS = " ";
				OTHER_REZFLAGS = "";
				PRODUCT_NAME = ZERO_CHECK;
				SECTORDER_FLAGS = "";
				SYMROOT = "/Users/Daniel/Skolarbeten/Nuvarande/TNM061_3D-Grafik/3D_Projekt/xCode";
				USE_HEADERMAP = NO;
				WARNING_CFLAGS = (
					"-Wmost",
					"-Wno-four-char-constants",
					"-Wno-unknown-pragmas",
					"$(inherited)",
				);
			};
			name = RelWithDebInfo;
		};
		872CA7D525CA4323BECB4D6D /* Release */ = {
			isa = XCBuildConfiguration;
			buildSettings = {
				COMBINE_HIDPI_IMAGES = YES;
				GCC_GENERATE_DEBUGGING_SYMBOLS = NO;
				GCC_INLINES_ARE_PRIVATE_EXTERN = NO;
				GCC_OPTIMIZATION_LEVEL = 0;
				GCC_PREPROCESSOR_DEFINITIONS = (
					"'CMAKE_INTDIR=\"$(CONFIGURATION)$(EFFECTIVE_PLATFORM_NAME)\"'",
					__APPLE__,
				);
				GCC_SYMBOLS_PRIVATE_EXTERN = NO;
				HEADER_SEARCH_PATHS = /usr/local/include;
				INSTALL_PATH = "";
				OTHER_CFLAGS = "  ";
				OTHER_LDFLAGS = " ";
				OTHER_REZFLAGS = "";
				PRODUCT_NAME = ZERO_CHECK;
				SECTORDER_FLAGS = "";
				SYMROOT = "/Users/Daniel/Skolarbeten/Nuvarande/TNM061_3D-Grafik/3D_Projekt/xCode";
				USE_HEADERMAP = NO;
				WARNING_CFLAGS = (
					"-Wmost",
					"-Wno-four-char-constants",
					"-Wno-unknown-pragmas",
					"$(inherited)",
				);
			};
			name = Release;
		};
		B636207E910C4AA1BE3946A1 /* Debug */ = {
			isa = XCBuildConfiguration;
			buildSettings = {
				COMBINE_HIDPI_IMAGES = YES;
				GCC_GENERATE_DEBUGGING_SYMBOLS = NO;
				GCC_INLINES_ARE_PRIVATE_EXTERN = NO;
				GCC_OPTIMIZATION_LEVEL = 0;
				GCC_PREPROCESSOR_DEFINITIONS = (
					"'CMAKE_INTDIR=\"$(CONFIGURATION)$(EFFECTIVE_PLATFORM_NAME)\"'",
					__APPLE__,
				);
				GCC_SYMBOLS_PRIVATE_EXTERN = NO;
				HEADER_SEARCH_PATHS = /usr/local/include;
				INSTALL_PATH = "";
				OTHER_CFLAGS = "  ";
				OTHER_LDFLAGS = " ";
				OTHER_REZFLAGS = "";
				PRODUCT_NAME = ALL_BUILD;
				SECTORDER_FLAGS = "";
				SYMROOT = "/Users/Daniel/Skolarbeten/Nuvarande/TNM061_3D-Grafik/3D_Projekt/xCode";
				USE_HEADERMAP = NO;
				WARNING_CFLAGS = (
					"-Wmost",
					"-Wno-four-char-constants",
					"-Wno-unknown-pragmas",
					"$(inherited)",
				);
			};
			name = Debug;
		};
		CACFFCD16BEF4B718F58FB16 /* RelWithDebInfo */ = {
			isa = XCBuildConfiguration;
			buildSettings = {
				CLANG_CXX_LANGUAGE_STANDARD = "c++11";
				CLANG_CXX_LIBRARY = "libc++";
				COMBINE_HIDPI_IMAGES = YES;
				CONFIGURATION_BUILD_DIR = "/Users/Daniel/Skolarbeten/Nuvarande/TNM061_3D-Grafik/3D_Projekt/project/RelWithDebInfo";
				EXECUTABLE_PREFIX = "";
				EXECUTABLE_SUFFIX = "";
				GCC_GENERATE_DEBUGGING_SYMBOLS = YES;
				GCC_INLINES_ARE_PRIVATE_EXTERN = NO;
				GCC_OPTIMIZATION_LEVEL = 2;
				GCC_PREPROCESSOR_DEFINITIONS = (
					"'CMAKE_INTDIR=\"$(CONFIGURATION)$(EFFECTIVE_PLATFORM_NAME)\"'",
					__APPLE__,
				);
				GCC_SYMBOLS_PRIVATE_EXTERN = NO;
				HEADER_SEARCH_PATHS = /usr/local/include;
				INSTALL_PATH = "";
				LIBRARY_SEARCH_PATHS = "";
				OTHER_CFLAGS = "       -DNDEBUG  ";
				OTHER_CPLUSPLUSFLAGS = (
					"-std=c++11",
					"-stdlib=libc++",
					"-DNDEBUG",
				);
				OTHER_LDFLAGS = (
					"-Wl,-search_paths_first",
					"-Wl,-headerpad_max_install_names",
					/usr/lib/cspice.a,
					/usr/local/lib/libsgct_cpp11.a,
					"-framework",
					AGL,
					"-framework",
					OpenGL,
					"-framework",
					Cocoa,
					"-framework",
					IOKit,
					"-framework",
					CoreVideo,
				);
				OTHER_REZFLAGS = "";
				PRODUCT_NAME = Domescape;
				SECTORDER_FLAGS = "";
				SYMROOT = "/Users/Daniel/Skolarbeten/Nuvarande/TNM061_3D-Grafik/3D_Projekt/xCode";
				USE_HEADERMAP = NO;
				WARNING_CFLAGS = (
					"-Wmost",
					"-Wno-four-char-constants",
					"-Wno-unknown-pragmas",
					"$(inherited)",
				);
			};
			name = RelWithDebInfo;
		};
		D5011B070AE548BDAA4FAF35 /* Release */ = {
			isa = XCBuildConfiguration;
			buildSettings = {
				MACOSX_DEPLOYMENT_TARGET = 10.9;
				SDKROOT = /Applications/Xcode.app/Contents/Developer/Platforms/MacOSX.platform/Developer/SDKs/MacOSX10.10.sdk;
				SYMROOT = "/Users/Daniel/Skolarbeten/Nuvarande/TNM061_3D-Grafik/3D_Projekt/xCode/build";
			};
			name = Release;
		};
		DCA856EBF15C41BFB4E8506F /* Release */ = {
			isa = XCBuildConfiguration;
			buildSettings = {
				COMBINE_HIDPI_IMAGES = YES;
				GCC_GENERATE_DEBUGGING_SYMBOLS = NO;
				GCC_INLINES_ARE_PRIVATE_EXTERN = NO;
				GCC_OPTIMIZATION_LEVEL = 0;
				GCC_PREPROCESSOR_DEFINITIONS = (
					"'CMAKE_INTDIR=\"$(CONFIGURATION)$(EFFECTIVE_PLATFORM_NAME)\"'",
					__APPLE__,
				);
				GCC_SYMBOLS_PRIVATE_EXTERN = NO;
				HEADER_SEARCH_PATHS = /usr/local/include;
				INSTALL_PATH = "";
				OTHER_CFLAGS = "  ";
				OTHER_LDFLAGS = " ";
				OTHER_REZFLAGS = "";
				PRODUCT_NAME = ALL_BUILD;
				SECTORDER_FLAGS = "";
				SYMROOT = "/Users/Daniel/Skolarbeten/Nuvarande/TNM061_3D-Grafik/3D_Projekt/xCode";
				USE_HEADERMAP = NO;
				WARNING_CFLAGS = (
					"-Wmost",
					"-Wno-four-char-constants",
					"-Wno-unknown-pragmas",
					"$(inherited)",
				);
			};
			name = Release;
		};
		EE3C41E671E345378C2F77D1 /* MinSizeRel */ = {
			isa = XCBuildConfiguration;
			buildSettings = {
				COMBINE_HIDPI_IMAGES = YES;
				GCC_GENERATE_DEBUGGING_SYMBOLS = NO;
				GCC_INLINES_ARE_PRIVATE_EXTERN = NO;
				GCC_OPTIMIZATION_LEVEL = 0;
				GCC_PREPROCESSOR_DEFINITIONS = (
					"'CMAKE_INTDIR=\"$(CONFIGURATION)$(EFFECTIVE_PLATFORM_NAME)\"'",
					__APPLE__,
				);
				GCC_SYMBOLS_PRIVATE_EXTERN = NO;
				HEADER_SEARCH_PATHS = /usr/local/include;
				INSTALL_PATH = "";
				OTHER_CFLAGS = "  ";
				OTHER_LDFLAGS = " ";
				OTHER_REZFLAGS = "";
				PRODUCT_NAME = ALL_BUILD;
				SECTORDER_FLAGS = "";
				SYMROOT = "/Users/Daniel/Skolarbeten/Nuvarande/TNM061_3D-Grafik/3D_Projekt/xCode";
				USE_HEADERMAP = NO;
				WARNING_CFLAGS = (
					"-Wmost",
					"-Wno-four-char-constants",
					"-Wno-unknown-pragmas",
					"$(inherited)",
				);
			};
			name = MinSizeRel;
		};
/* End XCBuildConfiguration section */

/* Begin XCConfigurationList section */
		1F8F7D7DEB344F2FA9A0FE84 /* Build configuration list for PBXAggregateTarget "ZERO_CHECK" */ = {
			isa = XCConfigurationList;
			buildConfigurations = (
				43DC0B66B26B4CBB8D0FF3E6 /* Debug */,
				872CA7D525CA4323BECB4D6D /* Release */,
				50FA772C2BC043D686BE9216 /* MinSizeRel */,
				8069AB8756F64A7EA472BE92 /* RelWithDebInfo */,
			);
			defaultConfigurationIsVisible = 0;
			defaultConfigurationName = Debug;
		};
		52A422A9766B418DA99CF8F7 /* Build configuration list for PBXNativeTarget "Domescape" */ = {
			isa = XCConfigurationList;
			buildConfigurations = (
				3451F78260044C34BC19737F /* Debug */,
				5BF49DA530104EE2A56CE0EA /* Release */,
				6F3A1F8537934A188D9B5340 /* MinSizeRel */,
				CACFFCD16BEF4B718F58FB16 /* RelWithDebInfo */,
			);
			defaultConfigurationIsVisible = 0;
			defaultConfigurationName = Debug;
		};
		6090D43AB6B44B0FA6182DFB /* Build configuration list for PBXProject "Domescape" */ = {
			isa = XCConfigurationList;
			buildConfigurations = (
				41A4AA39D3214444B6C39BE2 /* Debug */,
				D5011B070AE548BDAA4FAF35 /* Release */,
				174667D1493F402B9C0FB8B4 /* MinSizeRel */,
				0A1322FACA94433EA06D01E5 /* RelWithDebInfo */,
			);
			defaultConfigurationIsVisible = 0;
			defaultConfigurationName = Debug;
		};
		65154E2DD4B44111A1F77C4C /* Build configuration list for PBXAggregateTarget "ALL_BUILD" */ = {
			isa = XCConfigurationList;
			buildConfigurations = (
				B636207E910C4AA1BE3946A1 /* Debug */,
				DCA856EBF15C41BFB4E8506F /* Release */,
				EE3C41E671E345378C2F77D1 /* MinSizeRel */,
				0E684C4CB9684831A7970BF2 /* RelWithDebInfo */,
			);
			defaultConfigurationIsVisible = 0;
			defaultConfigurationName = Debug;
		};
/* End XCConfigurationList section */
	};
	rootObject = 2D5A6D982B154FFE86390752 /* Project object */;
}
