// !$*UTF8*$!
{
	archiveVersion = 1;
	classes = {
	};
	objectVersion = 46;
	objects = {

/* Begin PBXAggregateTarget section */
		1D7D0F593DC34FB9ACE619A0 /* ALL_BUILD */ = {
			isa = PBXAggregateTarget;
			buildConfigurationList = 39AE3D6C69DF470E86E8121F /* Build configuration list for PBXAggregateTarget "ALL_BUILD" */;
			buildPhases = (
				528AE3FD80424154A8A40329 /* CMake Rules */,
			);
			dependencies = (
				61C25FED821147C08F41A3A6 /* PBXTargetDependency */,
				49DFE0A33F88463B91B25C38 /* PBXTargetDependency */,
			);
			name = ALL_BUILD;
			productName = ALL_BUILD;
		};
		6B461A674C884AA1AACD7E18 /* ZERO_CHECK */ = {
			isa = PBXAggregateTarget;
			buildConfigurationList = E5B81996C60A458D9F088D1F /* Build configuration list for PBXAggregateTarget "ZERO_CHECK" */;
			buildPhases = (
				EA6B009EBF264E2CBE73A6B9 /* CMake Rules */,
			);
			dependencies = (
			);
			name = ZERO_CHECK;
			productName = ZERO_CHECK;
		};
/* End PBXAggregateTarget section */

/* Begin PBXBuildFile section */
		F1BB8C822C79432E94A9A52D /* main.cpp in Sources */ = {isa = PBXBuildFile; fileRef = B5E9E5F8BE66438FAD37988C /* main.cpp */; settings = {COMPILER_FLAGS = ""; }; };
/* End PBXBuildFile section */

/* Begin PBXContainerItemProxy section */
		8500D7067BDE4E51901EA1E4 /* PBXContainerItemProxy */ = {
			isa = PBXContainerItemProxy;
			containerPortal = EFD2CBAE9AED4EFDBACC6AF3 /* Project object */;
			proxyType = 1;
			remoteGlobalIDString = 6B461A674C884AA1AACD7E18;
			remoteInfo = ZERO_CHECK;
		};
		A5779E12E03A4CBA8259801E /* PBXContainerItemProxy */ = {
			isa = PBXContainerItemProxy;
			containerPortal = EFD2CBAE9AED4EFDBACC6AF3 /* Project object */;
			proxyType = 1;
			remoteGlobalIDString = 6B461A674C884AA1AACD7E18;
			remoteInfo = ZERO_CHECK;
		};
		D638AC023BF54D7BAF7FAFF6 /* PBXContainerItemProxy */ = {
			isa = PBXContainerItemProxy;
			containerPortal = EFD2CBAE9AED4EFDBACC6AF3 /* Project object */;
			proxyType = 1;
			remoteGlobalIDString = EED1FEB160B740C78B9F7648;
			remoteInfo = Domescape;
		};
/* End PBXContainerItemProxy section */

/* Begin PBXFileReference section */
		2B5D4466079B4A82A51A898D /* CMakeLists.txt */ = {isa = PBXFileReference; explicitFileType = sourcecode.text; fileEncoding = 4; lastKnownFileType = text; path = CMakeLists.txt; sourceTree = SOURCE_ROOT; };
		92821F78889043569F0E0A1B /* CMakeLists.txt */ = {isa = PBXFileReference; explicitFileType = sourcecode.text; fileEncoding = 4; lastKnownFileType = text; path = CMakeLists.txt; sourceTree = SOURCE_ROOT; };
		B5E9E5F8BE66438FAD37988C /* main.cpp */ = {isa = PBXFileReference; explicitFileType = sourcecode.cpp.cpp; fileEncoding = 4; path = main.cpp; sourceTree = SOURCE_ROOT; };
		D69C3D450CB14FB4B95F7FD1 /* CMakeLists.txt */ = {isa = PBXFileReference; explicitFileType = sourcecode.text; fileEncoding = 4; lastKnownFileType = text; path = CMakeLists.txt; sourceTree = SOURCE_ROOT; };
		FCB63F5494564E4FB5103D22 /* Domescape */ = {isa = PBXFileReference; explicitFileType = "compiled.mach-o.executable"; path = Domescape; sourceTree = BUILT_PRODUCTS_DIR; };
/* End PBXFileReference section */

/* Begin PBXGroup section */
		1635F4EA77C545C79BB24718 = {
			isa = PBXGroup;
			children = (
				B2E89FAA58B64B23A26CFA4F /* Sources */,
				186CBFBC4E2E479994DBD989 /* Resources */,
				F39173D1E0D94836B40223B4 /* Products */,
			);
			sourceTree = "<group>";
		};
		175A3A5FD9A6438D91B569D9 /* ZERO_CHECK */ = {
			isa = PBXGroup;
			children = (
				40BA994B9A9E4F979E84F35C /* CMake Rules */,
				92821F78889043569F0E0A1B /* CMakeLists.txt */,
			);
			name = ZERO_CHECK;
			sourceTree = "<group>";
		};
		186CBFBC4E2E479994DBD989 /* Resources */ = {
			isa = PBXGroup;
			children = (
			);
			name = Resources;
			sourceTree = "<group>";
		};
		40BA994B9A9E4F979E84F35C /* CMake Rules */ = {
			isa = PBXGroup;
			children = (
			);
			name = "CMake Rules";
			sourceTree = "<group>";
		};
		6D88AA203B3042BFABF8984A /* Source Files */ = {
			isa = PBXGroup;
			children = (
				B5E9E5F8BE66438FAD37988C /* main.cpp */,
			);
			name = "Source Files";
			sourceTree = "<group>";
		};
		72A357A2B6874A29B5E2BDFC /* Domescape */ = {
			isa = PBXGroup;
			children = (
				6D88AA203B3042BFABF8984A /* Source Files */,
				2B5D4466079B4A82A51A898D /* CMakeLists.txt */,
			);
			name = Domescape;
			sourceTree = "<group>";
		};
		97359C1769C5403CBF4BB47B /* CMake Rules */ = {
			isa = PBXGroup;
			children = (
			);
			name = "CMake Rules";
			sourceTree = "<group>";
		};
		B03B5BE132A84166898169FA /* ALL_BUILD */ = {
			isa = PBXGroup;
			children = (
				97359C1769C5403CBF4BB47B /* CMake Rules */,
				D69C3D450CB14FB4B95F7FD1 /* CMakeLists.txt */,
			);
			name = ALL_BUILD;
			sourceTree = "<group>";
		};
		B2E89FAA58B64B23A26CFA4F /* Sources */ = {
			isa = PBXGroup;
			children = (
				B03B5BE132A84166898169FA /* ALL_BUILD */,
				175A3A5FD9A6438D91B569D9 /* ZERO_CHECK */,
				72A357A2B6874A29B5E2BDFC /* Domescape */,
			);
			name = Sources;
			sourceTree = "<group>";
		};
		F39173D1E0D94836B40223B4 /* Products */ = {
			isa = PBXGroup;
			children = (
				FCB63F5494564E4FB5103D22 /* Domescape */,
			);
			name = Products;
			sourceTree = "<group>";
		};
/* End PBXGroup section */

/* Begin PBXNativeTarget section */
		EED1FEB160B740C78B9F7648 /* Domescape */ = {
			isa = PBXNativeTarget;
			buildConfigurationList = F4C79936FB7E4F288866470D /* Build configuration list for PBXNativeTarget "Domescape" */;
			buildPhases = (
				07731C0AD4EF41C7A07FEC58 /* Sources */,
			);
			buildRules = (
			);
			dependencies = (
				1F5138D97BD846BC84944AAE /* PBXTargetDependency */,
			);
			name = Domescape;
			productName = Domescape;
			productReference = FCB63F5494564E4FB5103D22 /* Domescape */;
			productType = "com.apple.product-type.tool";
		};
/* End PBXNativeTarget section */

/* Begin PBXProject section */
		EFD2CBAE9AED4EFDBACC6AF3 /* Project object */ = {
			isa = PBXProject;
			attributes = {
				BuildIndependentTargetsInParallel = YES;
				LastUpgradeCheck = 0630;
			};
			buildConfigurationList = F258FEEF99AF41EA8638F6C2 /* Build configuration list for PBXProject "Domescape" */;
			compatibilityVersion = "Xcode 3.2";
			developmentRegion = English;
			hasScannedForEncodings = 0;
			knownRegions = (
				en,
			);
			mainGroup = 1635F4EA77C545C79BB24718;
			projectDirPath = "/Users/Daniel/Skolarbeten/Nuvarande/TNM061_3D-Grafik/3D_Projekt/project";
			projectRoot = "";
			targets = (
				1D7D0F593DC34FB9ACE619A0 /* ALL_BUILD */,
				EED1FEB160B740C78B9F7648 /* Domescape */,
				6B461A674C884AA1AACD7E18 /* ZERO_CHECK */,
			);
		};
/* End PBXProject section */

/* Begin PBXShellScriptBuildPhase section */
		528AE3FD80424154A8A40329 /* CMake Rules */ = {
			isa = PBXShellScriptBuildPhase;
			buildActionMask = 2147483647;
			files = (
			);
			name = "CMake Rules";
			runOnlyForDeploymentPostprocessing = 0;
			shellPath = /bin/sh;
			shellScript = "make -C /Users/Daniel/Skolarbeten/Nuvarande/TNM061_3D-Grafik/3D_Projekt/xCode -f /Users/Daniel/Skolarbeten/Nuvarande/TNM061_3D-Grafik/3D_Projekt/xCode/CMakeScripts/ALL_BUILD_cmakeRulesBuildPhase.make$CONFIGURATION all";
			showEnvVarsInLog = 0;
		};
		EA6B009EBF264E2CBE73A6B9 /* CMake Rules */ = {
			isa = PBXShellScriptBuildPhase;
			buildActionMask = 2147483647;
			files = (
			);
			name = "CMake Rules";
			runOnlyForDeploymentPostprocessing = 0;
			shellPath = /bin/sh;
			shellScript = "make -C /Users/Daniel/Skolarbeten/Nuvarande/TNM061_3D-Grafik/3D_Projekt/xCode -f /Users/Daniel/Skolarbeten/Nuvarande/TNM061_3D-Grafik/3D_Projekt/xCode/CMakeScripts/ZERO_CHECK_cmakeRulesBuildPhase.make$CONFIGURATION all";
			showEnvVarsInLog = 0;
		};
/* End PBXShellScriptBuildPhase section */

/* Begin PBXSourcesBuildPhase section */
		07731C0AD4EF41C7A07FEC58 /* Sources */ = {
			isa = PBXSourcesBuildPhase;
			buildActionMask = 2147483647;
			files = (
				F1BB8C822C79432E94A9A52D /* main.cpp in Sources */,
			);
			runOnlyForDeploymentPostprocessing = 0;
		};
/* End PBXSourcesBuildPhase section */

/* Begin PBXTargetDependency section */
		1F5138D97BD846BC84944AAE /* PBXTargetDependency */ = {
			isa = PBXTargetDependency;
			target = 6B461A674C884AA1AACD7E18 /* ZERO_CHECK */;
			targetProxy = A5779E12E03A4CBA8259801E /* PBXContainerItemProxy */;
		};
		49DFE0A33F88463B91B25C38 /* PBXTargetDependency */ = {
			isa = PBXTargetDependency;
			target = EED1FEB160B740C78B9F7648 /* Domescape */;
			targetProxy = D638AC023BF54D7BAF7FAFF6 /* PBXContainerItemProxy */;
		};
		61C25FED821147C08F41A3A6 /* PBXTargetDependency */ = {
			isa = PBXTargetDependency;
			target = 6B461A674C884AA1AACD7E18 /* ZERO_CHECK */;
			targetProxy = 8500D7067BDE4E51901EA1E4 /* PBXContainerItemProxy */;
		};
/* End PBXTargetDependency section */

/* Begin XCBuildConfiguration section */
		07AD0753652F4F9DADD833A7 /* MinSizeRel */ = {
			isa = XCBuildConfiguration;
			buildSettings = {
				CLANG_CXX_LANGUAGE_STANDARD = "c++11";
				CLANG_CXX_LIBRARY = "libc++";
				COMBINE_HIDPI_IMAGES = YES;
				CONFIGURATION_BUILD_DIR = "/Users/Daniel/Skolarbeten/Nuvarande/TNM061_3D-Grafik/3D_Projekt/project/MinSizeRel";
				EXECUTABLE_PREFIX = "";
				EXECUTABLE_SUFFIX = "";
				GCC_GENERATE_DEBUGGING_SYMBOLS = NO;
				GCC_INLINES_ARE_PRIVATE_EXTERN = NO;
				GCC_OPTIMIZATION_LEVEL = s;
				GCC_PREPROCESSOR_DEFINITIONS = (
					"'CMAKE_INTDIR=\"$(CONFIGURATION)$(EFFECTIVE_PLATFORM_NAME)\"'",
					__APPLE__,
				);
				GCC_SYMBOLS_PRIVATE_EXTERN = NO;
				HEADER_SEARCH_PATHS = /usr/local/include;
				INSTALL_PATH = "";
				LIBRARY_SEARCH_PATHS = "";
				OTHER_CFLAGS = "    -DNDEBUG  ";
				OTHER_CPLUSPLUSFLAGS = (
					"-std=c++11",
					"-stdlib=libc++",
					"-DNDEBUG",
				);
				OTHER_LDFLAGS = (
					"-Wl,-search_paths_first",
					"-Wl,-headerpad_max_install_names",
					/usr/local/lib/libsgct_cpp11.a,
					"-framework",
					AGL,
					"-framework",
					OpenGL,
					"-framework",
					Cocoa,
					"-framework",
					IOKit,
					"-framework",
					CoreVideo,
				);
				OTHER_REZFLAGS = "";
				PRODUCT_NAME = Domescape;
				SECTORDER_FLAGS = "";
				SYMROOT = "/Users/Daniel/Skolarbeten/Nuvarande/TNM061_3D-Grafik/3D_Projekt/xCode";
				USE_HEADERMAP = NO;
				WARNING_CFLAGS = (
					"-Wmost",
					"-Wno-four-char-constants",
					"-Wno-unknown-pragmas",
					"$(inherited)",
				);
			};
			name = MinSizeRel;
		};
		07CA39960CBE473C8A1C836B /* MinSizeRel */ = {
			isa = XCBuildConfiguration;
			buildSettings = {
				COMBINE_HIDPI_IMAGES = YES;
				GCC_GENERATE_DEBUGGING_SYMBOLS = NO;
				GCC_INLINES_ARE_PRIVATE_EXTERN = NO;
				GCC_OPTIMIZATION_LEVEL = 0;
				GCC_PREPROCESSOR_DEFINITIONS = (
					"'CMAKE_INTDIR=\"$(CONFIGURATION)$(EFFECTIVE_PLATFORM_NAME)\"'",
					__APPLE__,
				);
				GCC_SYMBOLS_PRIVATE_EXTERN = NO;
				HEADER_SEARCH_PATHS = /usr/local/include;
				INSTALL_PATH = "";
				OTHER_CFLAGS = "  ";
				OTHER_LDFLAGS = " ";
				OTHER_REZFLAGS = "";
				PRODUCT_NAME = ZERO_CHECK;
				SECTORDER_FLAGS = "";
				SYMROOT = "/Users/Daniel/Skolarbeten/Nuvarande/TNM061_3D-Grafik/3D_Projekt/xCode";
				USE_HEADERMAP = NO;
				WARNING_CFLAGS = (
					"-Wmost",
					"-Wno-four-char-constants",
					"-Wno-unknown-pragmas",
					"$(inherited)",
				);
			};
			name = MinSizeRel;
		};
		351D607962714409AF6CB383 /* Release */ = {
			isa = XCBuildConfiguration;
			buildSettings = {
				COMBINE_HIDPI_IMAGES = YES;
				GCC_GENERATE_DEBUGGING_SYMBOLS = NO;
				GCC_INLINES_ARE_PRIVATE_EXTERN = NO;
				GCC_OPTIMIZATION_LEVEL = 0;
				GCC_PREPROCESSOR_DEFINITIONS = (
					"'CMAKE_INTDIR=\"$(CONFIGURATION)$(EFFECTIVE_PLATFORM_NAME)\"'",
					__APPLE__,
				);
				GCC_SYMBOLS_PRIVATE_EXTERN = NO;
				HEADER_SEARCH_PATHS = /usr/local/include;
				INSTALL_PATH = "";
				OTHER_CFLAGS = "  ";
				OTHER_LDFLAGS = " ";
				OTHER_REZFLAGS = "";
				PRODUCT_NAME = ZERO_CHECK;
				SECTORDER_FLAGS = "";
				SYMROOT = "/Users/Daniel/Skolarbeten/Nuvarande/TNM061_3D-Grafik/3D_Projekt/xCode";
				USE_HEADERMAP = NO;
				WARNING_CFLAGS = (
					"-Wmost",
					"-Wno-four-char-constants",
					"-Wno-unknown-pragmas",
					"$(inherited)",
				);
			};
			name = Release;
		};
		77624E9E1BD44E0A9812F783 /* MinSizeRel */ = {
			isa = XCBuildConfiguration;
			buildSettings = {
				COMBINE_HIDPI_IMAGES = YES;
				GCC_GENERATE_DEBUGGING_SYMBOLS = NO;
				GCC_INLINES_ARE_PRIVATE_EXTERN = NO;
				GCC_OPTIMIZATION_LEVEL = 0;
				GCC_PREPROCESSOR_DEFINITIONS = (
					"'CMAKE_INTDIR=\"$(CONFIGURATION)$(EFFECTIVE_PLATFORM_NAME)\"'",
					__APPLE__,
				);
				GCC_SYMBOLS_PRIVATE_EXTERN = NO;
				HEADER_SEARCH_PATHS = /usr/local/include;
				INSTALL_PATH = "";
				OTHER_CFLAGS = "  ";
				OTHER_LDFLAGS = " ";
				OTHER_REZFLAGS = "";
				PRODUCT_NAME = ALL_BUILD;
				SECTORDER_FLAGS = "";
				SYMROOT = "/Users/Daniel/Skolarbeten/Nuvarande/TNM061_3D-Grafik/3D_Projekt/xCode";
				USE_HEADERMAP = NO;
				WARNING_CFLAGS = (
					"-Wmost",
					"-Wno-four-char-constants",
					"-Wno-unknown-pragmas",
					"$(inherited)",
				);
			};
			name = MinSizeRel;
		};
		8835B8FC8F6546AFA0D3859A /* RelWithDebInfo */ = {
			isa = XCBuildConfiguration;
			buildSettings = {
				COMBINE_HIDPI_IMAGES = YES;
				GCC_GENERATE_DEBUGGING_SYMBOLS = NO;
				GCC_INLINES_ARE_PRIVATE_EXTERN = NO;
				GCC_OPTIMIZATION_LEVEL = 0;
				GCC_PREPROCESSOR_DEFINITIONS = (
					"'CMAKE_INTDIR=\"$(CONFIGURATION)$(EFFECTIVE_PLATFORM_NAME)\"'",
					__APPLE__,
				);
				GCC_SYMBOLS_PRIVATE_EXTERN = NO;
				HEADER_SEARCH_PATHS = /usr/local/include;
				INSTALL_PATH = "";
				OTHER_CFLAGS = "  ";
				OTHER_LDFLAGS = " ";
				OTHER_REZFLAGS = "";
				PRODUCT_NAME = ZERO_CHECK;
				SECTORDER_FLAGS = "";
				SYMROOT = "/Users/Daniel/Skolarbeten/Nuvarande/TNM061_3D-Grafik/3D_Projekt/xCode";
				USE_HEADERMAP = NO;
				WARNING_CFLAGS = (
					"-Wmost",
					"-Wno-four-char-constants",
					"-Wno-unknown-pragmas",
					"$(inherited)",
				);
			};
			name = RelWithDebInfo;
		};
		9589B541511149F5AEB668F7 /* Release */ = {
			isa = XCBuildConfiguration;
			buildSettings = {
				MACOSX_DEPLOYMENT_TARGET = 10.9;
				SDKROOT = /Applications/Xcode.app/Contents/Developer/Platforms/MacOSX.platform/Developer/SDKs/MacOSX10.10.sdk;
				SYMROOT = "/Users/Daniel/Skolarbeten/Nuvarande/TNM061_3D-Grafik/3D_Projekt/xCode/build";
			};
			name = Release;
		};
		B83FC8C41F454337ACDEAB93 /* Debug */ = {
			isa = XCBuildConfiguration;
			buildSettings = {
				MACOSX_DEPLOYMENT_TARGET = 10.9;
				ONLY_ACTIVE_ARCH = YES;
				SDKROOT = /Applications/Xcode.app/Contents/Developer/Platforms/MacOSX.platform/Developer/SDKs/MacOSX10.10.sdk;
				SYMROOT = "/Users/Daniel/Skolarbeten/Nuvarande/TNM061_3D-Grafik/3D_Projekt/xCode/build";
			};
			name = Debug;
		};
		BC57B8140594488586B68B45 /* Release */ = {
			isa = XCBuildConfiguration;
			buildSettings = {
				CLANG_CXX_LANGUAGE_STANDARD = "c++11";
				CLANG_CXX_LIBRARY = "libc++";
				COMBINE_HIDPI_IMAGES = YES;
				CONFIGURATION_BUILD_DIR = "/Users/Daniel/Skolarbeten/Nuvarande/TNM061_3D-Grafik/3D_Projekt/project";
				EXECUTABLE_PREFIX = "";
				EXECUTABLE_SUFFIX = "";
				GCC_GENERATE_DEBUGGING_SYMBOLS = NO;
				GCC_INLINES_ARE_PRIVATE_EXTERN = NO;
				GCC_OPTIMIZATION_LEVEL = 3;
				GCC_PREPROCESSOR_DEFINITIONS = (
					"'CMAKE_INTDIR=\"$(CONFIGURATION)$(EFFECTIVE_PLATFORM_NAME)\"'",
					__APPLE__,
				);
				GCC_SYMBOLS_PRIVATE_EXTERN = NO;
				HEADER_SEARCH_PATHS = /usr/local/include;
				INSTALL_PATH = "";
				LIBRARY_SEARCH_PATHS = "";
				OTHER_CFLAGS = "    -DNDEBUG  ";
				OTHER_CPLUSPLUSFLAGS = (
					"-std=c++11",
					"-stdlib=libc++",
					"-DNDEBUG",
				);
				OTHER_LDFLAGS = (
					"-Wl,-search_paths_first",
					"-Wl,-headerpad_max_install_names",
					/usr/local/lib/libsgct_cpp11.a,
					"-framework",
					AGL,
					"-framework",
					OpenGL,
					"-framework",
					Cocoa,
					"-framework",
					IOKit,
					"-framework",
					CoreVideo,
				);
				OTHER_REZFLAGS = "";
				PRODUCT_NAME = Domescape;
				SECTORDER_FLAGS = "";
				SYMROOT = "/Users/Daniel/Skolarbeten/Nuvarande/TNM061_3D-Grafik/3D_Projekt/xCode";
				USE_HEADERMAP = NO;
				WARNING_CFLAGS = (
					"-Wmost",
					"-Wno-four-char-constants",
					"-Wno-unknown-pragmas",
					"$(inherited)",
				);
			};
			name = Release;
		};
		C180C9F062C94FC8A3D4C2EF /* Debug */ = {
			isa = XCBuildConfiguration;
			buildSettings = {
				COMBINE_HIDPI_IMAGES = YES;
				GCC_GENERATE_DEBUGGING_SYMBOLS = NO;
				GCC_INLINES_ARE_PRIVATE_EXTERN = NO;
				GCC_OPTIMIZATION_LEVEL = 0;
				GCC_PREPROCESSOR_DEFINITIONS = (
					"'CMAKE_INTDIR=\"$(CONFIGURATION)$(EFFECTIVE_PLATFORM_NAME)\"'",
					__APPLE__,
				);
				GCC_SYMBOLS_PRIVATE_EXTERN = NO;
				HEADER_SEARCH_PATHS = /usr/local/include;
				INSTALL_PATH = "";
				OTHER_CFLAGS = "  ";
				OTHER_LDFLAGS = " ";
				OTHER_REZFLAGS = "";
				PRODUCT_NAME = ZERO_CHECK;
				SECTORDER_FLAGS = "";
				SYMROOT = "/Users/Daniel/Skolarbeten/Nuvarande/TNM061_3D-Grafik/3D_Projekt/xCode";
				USE_HEADERMAP = NO;
				WARNING_CFLAGS = (
					"-Wmost",
					"-Wno-four-char-constants",
					"-Wno-unknown-pragmas",
					"$(inherited)",
				);
			};
			name = Debug;
		};
		D53E73FF070341B49558B8A7 /* RelWithDebInfo */ = {
			isa = XCBuildConfiguration;
			buildSettings = {
				CLANG_CXX_LANGUAGE_STANDARD = "c++11";
				CLANG_CXX_LIBRARY = "libc++";
				COMBINE_HIDPI_IMAGES = YES;
				CONFIGURATION_BUILD_DIR = "/Users/Daniel/Skolarbeten/Nuvarande/TNM061_3D-Grafik/3D_Projekt/project/RelWithDebInfo";
				EXECUTABLE_PREFIX = "";
				EXECUTABLE_SUFFIX = "";
				GCC_GENERATE_DEBUGGING_SYMBOLS = YES;
				GCC_INLINES_ARE_PRIVATE_EXTERN = NO;
				GCC_OPTIMIZATION_LEVEL = 2;
				GCC_PREPROCESSOR_DEFINITIONS = (
					"'CMAKE_INTDIR=\"$(CONFIGURATION)$(EFFECTIVE_PLATFORM_NAME)\"'",
					__APPLE__,
				);
				GCC_SYMBOLS_PRIVATE_EXTERN = NO;
				HEADER_SEARCH_PATHS = /usr/local/include;
				INSTALL_PATH = "";
				LIBRARY_SEARCH_PATHS = "";
				OTHER_CFLAGS = "       -DNDEBUG  ";
				OTHER_CPLUSPLUSFLAGS = (
					"-std=c++11",
					"-stdlib=libc++",
					"-DNDEBUG",
				);
				OTHER_LDFLAGS = (
					"-Wl,-search_paths_first",
					"-Wl,-headerpad_max_install_names",
					/usr/local/lib/libsgct_cpp11.a,
					"-framework",
					AGL,
					"-framework",
					OpenGL,
					"-framework",
					Cocoa,
					"-framework",
					IOKit,
					"-framework",
					CoreVideo,
				);
				OTHER_REZFLAGS = "";
				PRODUCT_NAME = Domescape;
				SECTORDER_FLAGS = "";
				SYMROOT = "/Users/Daniel/Skolarbeten/Nuvarande/TNM061_3D-Grafik/3D_Projekt/xCode";
				USE_HEADERMAP = NO;
				WARNING_CFLAGS = (
					"-Wmost",
					"-Wno-four-char-constants",
					"-Wno-unknown-pragmas",
					"$(inherited)",
				);
			};
			name = RelWithDebInfo;
		};
		DEA8B3AF45D340A1AFFA4502 /* Release */ = {
			isa = XCBuildConfiguration;
			buildSettings = {
				COMBINE_HIDPI_IMAGES = YES;
				GCC_GENERATE_DEBUGGING_SYMBOLS = NO;
				GCC_INLINES_ARE_PRIVATE_EXTERN = NO;
				GCC_OPTIMIZATION_LEVEL = 0;
				GCC_PREPROCESSOR_DEFINITIONS = (
					"'CMAKE_INTDIR=\"$(CONFIGURATION)$(EFFECTIVE_PLATFORM_NAME)\"'",
					__APPLE__,
				);
				GCC_SYMBOLS_PRIVATE_EXTERN = NO;
				HEADER_SEARCH_PATHS = /usr/local/include;
				INSTALL_PATH = "";
				OTHER_CFLAGS = "  ";
				OTHER_LDFLAGS = " ";
				OTHER_REZFLAGS = "";
				PRODUCT_NAME = ALL_BUILD;
				SECTORDER_FLAGS = "";
				SYMROOT = "/Users/Daniel/Skolarbeten/Nuvarande/TNM061_3D-Grafik/3D_Projekt/xCode";
				USE_HEADERMAP = NO;
				WARNING_CFLAGS = (
					"-Wmost",
					"-Wno-four-char-constants",
					"-Wno-unknown-pragmas",
					"$(inherited)",
				);
			};
			name = Release;
		};
		E18AFE4A9DA04B36BC8B9967 /* Debug */ = {
			isa = XCBuildConfiguration;
			buildSettings = {
				COMBINE_HIDPI_IMAGES = YES;
				GCC_GENERATE_DEBUGGING_SYMBOLS = NO;
				GCC_INLINES_ARE_PRIVATE_EXTERN = NO;
				GCC_OPTIMIZATION_LEVEL = 0;
				GCC_PREPROCESSOR_DEFINITIONS = (
					"'CMAKE_INTDIR=\"$(CONFIGURATION)$(EFFECTIVE_PLATFORM_NAME)\"'",
					__APPLE__,
				);
				GCC_SYMBOLS_PRIVATE_EXTERN = NO;
				HEADER_SEARCH_PATHS = /usr/local/include;
				INSTALL_PATH = "";
				OTHER_CFLAGS = "  ";
				OTHER_LDFLAGS = " ";
				OTHER_REZFLAGS = "";
				PRODUCT_NAME = ALL_BUILD;
				SECTORDER_FLAGS = "";
				SYMROOT = "/Users/Daniel/Skolarbeten/Nuvarande/TNM061_3D-Grafik/3D_Projekt/xCode";
				USE_HEADERMAP = NO;
				WARNING_CFLAGS = (
					"-Wmost",
					"-Wno-four-char-constants",
					"-Wno-unknown-pragmas",
					"$(inherited)",
				);
			};
			name = Debug;
		};
		EB91BC77C477411D901AD673 /* MinSizeRel */ = {
			isa = XCBuildConfiguration;
			buildSettings = {
				MACOSX_DEPLOYMENT_TARGET = 10.9;
				SDKROOT = /Applications/Xcode.app/Contents/Developer/Platforms/MacOSX.platform/Developer/SDKs/MacOSX10.10.sdk;
				SYMROOT = "/Users/Daniel/Skolarbeten/Nuvarande/TNM061_3D-Grafik/3D_Projekt/xCode/build";
			};
			name = MinSizeRel;
		};
		F251D4AADFC5427FB949069C /* RelWithDebInfo */ = {
			isa = XCBuildConfiguration;
			buildSettings = {
				MACOSX_DEPLOYMENT_TARGET = 10.9;
				SDKROOT = /Applications/Xcode.app/Contents/Developer/Platforms/MacOSX.platform/Developer/SDKs/MacOSX10.10.sdk;
				SYMROOT = "/Users/Daniel/Skolarbeten/Nuvarande/TNM061_3D-Grafik/3D_Projekt/xCode/build";
			};
			name = RelWithDebInfo;
		};
		F77B42969FE94EF2AA04BF9E /* RelWithDebInfo */ = {
			isa = XCBuildConfiguration;
			buildSettings = {
				COMBINE_HIDPI_IMAGES = YES;
				GCC_GENERATE_DEBUGGING_SYMBOLS = NO;
				GCC_INLINES_ARE_PRIVATE_EXTERN = NO;
				GCC_OPTIMIZATION_LEVEL = 0;
				GCC_PREPROCESSOR_DEFINITIONS = (
					"'CMAKE_INTDIR=\"$(CONFIGURATION)$(EFFECTIVE_PLATFORM_NAME)\"'",
					__APPLE__,
				);
				GCC_SYMBOLS_PRIVATE_EXTERN = NO;
				HEADER_SEARCH_PATHS = /usr/local/include;
				INSTALL_PATH = "";
				OTHER_CFLAGS = "  ";
				OTHER_LDFLAGS = " ";
				OTHER_REZFLAGS = "";
				PRODUCT_NAME = ALL_BUILD;
				SECTORDER_FLAGS = "";
				SYMROOT = "/Users/Daniel/Skolarbeten/Nuvarande/TNM061_3D-Grafik/3D_Projekt/xCode";
				USE_HEADERMAP = NO;
				WARNING_CFLAGS = (
					"-Wmost",
					"-Wno-four-char-constants",
					"-Wno-unknown-pragmas",
					"$(inherited)",
				);
			};
			name = RelWithDebInfo;
		};
		F979BAE3AE8A4BAE9EE058A8 /* Debug */ = {
			isa = XCBuildConfiguration;
			buildSettings = {
				CLANG_CXX_LANGUAGE_STANDARD = "c++11";
				CLANG_CXX_LIBRARY = "libc++";
				COMBINE_HIDPI_IMAGES = YES;
				CONFIGURATION_BUILD_DIR = "/Users/Daniel/Skolarbeten/Nuvarande/TNM061_3D-Grafik/3D_Projekt/project";
				EXECUTABLE_PREFIX = "";
				EXECUTABLE_SUFFIX = "";
				GCC_GENERATE_DEBUGGING_SYMBOLS = YES;
				GCC_INLINES_ARE_PRIVATE_EXTERN = NO;
				GCC_OPTIMIZATION_LEVEL = 0;
				GCC_PREPROCESSOR_DEFINITIONS = (
					"'CMAKE_INTDIR=\"$(CONFIGURATION)$(EFFECTIVE_PLATFORM_NAME)\"'",
					__APPLE__,
				);
				GCC_SYMBOLS_PRIVATE_EXTERN = NO;
				HEADER_SEARCH_PATHS = /usr/local/include;
				INSTALL_PATH = "";
				LIBRARY_SEARCH_PATHS = "";
				OTHER_CFLAGS = "    ";
				OTHER_CPLUSPLUSFLAGS = (
					"-std=c++11",
					"-stdlib=libc++",
				);
				OTHER_LDFLAGS = (
					"-Wl,-search_paths_first",
					"-Wl,-headerpad_max_install_names",
					/usr/local/lib/libsgct_cpp11d.a,
					"-framework",
					AGL,
					"-framework",
					OpenGL,
					"-framework",
					Cocoa,
					"-framework",
					IOKit,
					"-framework",
					CoreVideo,
				);
				OTHER_REZFLAGS = "";
				PRODUCT_NAME = Domescape;
				SECTORDER_FLAGS = "";
				SYMROOT = "/Users/Daniel/Skolarbeten/Nuvarande/TNM061_3D-Grafik/3D_Projekt/xCode";
				USE_HEADERMAP = NO;
				WARNING_CFLAGS = (
					"-Wmost",
					"-Wno-four-char-constants",
					"-Wno-unknown-pragmas",
					"$(inherited)",
				);
			};
			name = Debug;
		};
/* End XCBuildConfiguration section */

/* Begin XCConfigurationList section */
		39AE3D6C69DF470E86E8121F /* Build configuration list for PBXAggregateTarget "ALL_BUILD" */ = {
			isa = XCConfigurationList;
			buildConfigurations = (
				E18AFE4A9DA04B36BC8B9967 /* Debug */,
				DEA8B3AF45D340A1AFFA4502 /* Release */,
				77624E9E1BD44E0A9812F783 /* MinSizeRel */,
				F77B42969FE94EF2AA04BF9E /* RelWithDebInfo */,
			);
			defaultConfigurationIsVisible = 0;
			defaultConfigurationName = Debug;
		};
		E5B81996C60A458D9F088D1F /* Build configuration list for PBXAggregateTarget "ZERO_CHECK" */ = {
			isa = XCConfigurationList;
			buildConfigurations = (
				C180C9F062C94FC8A3D4C2EF /* Debug */,
				351D607962714409AF6CB383 /* Release */,
				07CA39960CBE473C8A1C836B /* MinSizeRel */,
				8835B8FC8F6546AFA0D3859A /* RelWithDebInfo */,
			);
			defaultConfigurationIsVisible = 0;
			defaultConfigurationName = Debug;
		};
		F258FEEF99AF41EA8638F6C2 /* Build configuration list for PBXProject "Domescape" */ = {
			isa = XCConfigurationList;
			buildConfigurations = (
				B83FC8C41F454337ACDEAB93 /* Debug */,
				9589B541511149F5AEB668F7 /* Release */,
				EB91BC77C477411D901AD673 /* MinSizeRel */,
				F251D4AADFC5427FB949069C /* RelWithDebInfo */,
			);
			defaultConfigurationIsVisible = 0;
			defaultConfigurationName = Debug;
		};
		F4C79936FB7E4F288866470D /* Build configuration list for PBXNativeTarget "Domescape" */ = {
			isa = XCConfigurationList;
			buildConfigurations = (
				F979BAE3AE8A4BAE9EE058A8 /* Debug */,
				BC57B8140594488586B68B45 /* Release */,
				07AD0753652F4F9DADD833A7 /* MinSizeRel */,
				D53E73FF070341B49558B8A7 /* RelWithDebInfo */,
			);
			defaultConfigurationIsVisible = 0;
			defaultConfigurationName = Debug;
		};
/* End XCConfigurationList section */
	};
	rootObject = EFD2CBAE9AED4EFDBACC6AF3 /* Project object */;
}
