// !$*UTF8*$!
{
       archiveVersion = 1;
       classes = {
       };
       objectVersion = 46;
       objects = {

/* Begin PBXAggregateTarget section */
              98A5F9853D0041189766C0C6 /* ALL_BUILD */ = {
                     isa = PBXAggregateTarget;
                     buildConfigurationList = E28AB8C253814A5AA7FB42CC /* Build configuration list for PBXAggregateTarget "ALL_BUILD" */;
                     buildPhases = (
                            1D47574CE98644208D831CD7 /* CMake Rules */,
                     );
                     dependencies = (
                            E17B5B09CB6D4DFBBA0E7420 /* PBXTargetDependency */,
                            6978964605714A1FA7A36C9F /* PBXTargetDependency */,
                     );
                     name = ALL_BUILD;
                     productName = ALL_BUILD;
              };
              51ABFAE635CA4AB69E9C02F4 /* ZERO_CHECK */ = {
                     isa = PBXAggregateTarget;
                     buildConfigurationList = 1F04C4A456D94A3EB7CB5500 /* Build configuration list for PBXAggregateTarget "ZERO_CHECK" */;
                     buildPhases = (
                            C1E49BB0DD414EDE8F3A538A /* CMake Rules */,
                     );
                     dependencies = (
                     );
                     name = ZERO_CHECK;
                     productName = ZERO_CHECK;
              };
/* End PBXAggregateTarget section */

/* Begin PBXBuildFile section */
77D0CFBD59D140B5813E373F /* /Users/Daniel/Skolarbeten/Nuvarande/TNM061_3D-Grafik/3D_Projekt/Miros Kod/Model Loader OpenGL3/CMakeLists.txt */ = {isa = PBXBuildFile; fileRef = BB3490DE740940E096BF3078 /* /Users/Daniel/Skolarbeten/Nuvarande/TNM061_3D-Grafik/3D_Projekt/Miros Kod/Model Loader OpenGL3/CMakeLists.txt */; settings = { COMPILER_FLAGS = ""; }; };
3F39DAA8E29C49ECAFF51FA9 /* /Users/Daniel/Skolarbeten/Nuvarande/TNM061_3D-Grafik/3D_Projekt/Miros Kod/Model Loader OpenGL3/main.cpp */ = {isa = PBXBuildFile; fileRef = B41A300760834555AB54B8C5 /* /Users/Daniel/Skolarbeten/Nuvarande/TNM061_3D-Grafik/3D_Projekt/Miros Kod/Model Loader OpenGL3/main.cpp */; settings = { COMPILER_FLAGS = ""; }; };
7ABE9B8D2F184D57A346DF2F /* /Users/Daniel/Skolarbeten/Nuvarande/TNM061_3D-Grafik/3D_Projekt/Miros Kod/Model Loader OpenGL3/objloader.cpp */ = {isa = PBXBuildFile; fileRef = 8ADD2B03AE87408181185FE4 /* /Users/Daniel/Skolarbeten/Nuvarande/TNM061_3D-Grafik/3D_Projekt/Miros Kod/Model Loader OpenGL3/objloader.cpp */; settings = { COMPILER_FLAGS = ""; }; };
EA4B9045EEA840498FB99BC8 /* /Users/Daniel/Skolarbeten/Nuvarande/TNM061_3D-Grafik/3D_Projekt/Miros Kod/Model Loader OpenGL3/objloader.hpp */ = {isa = PBXBuildFile; fileRef = 93543351DA2447F3BEC67DA6 /* /Users/Daniel/Skolarbeten/Nuvarande/TNM061_3D-Grafik/3D_Projekt/Miros Kod/Model Loader OpenGL3/objloader.hpp */; settings = { COMPILER_FLAGS = ""; }; };
/* End PBXBuildFile section */

/* Begin PBXBuildStyle section */
              0D334F88834041B1950DC71C /*  */ = {
                     isa = PBXBuildStyle;
              };
              1A15F093CE4849FEACD9E904 /* Debug */ = {
                     isa = PBXBuildStyle;
                     buildSettings = {
                            COPY_PHASE_STRIP = NO;
                     };
                     name = Debug;
              };
              030A38A15B154112B273E7D4 /* Release */ = {
                     isa = PBXBuildStyle;
                     buildSettings = {
                            COPY_PHASE_STRIP = NO;
                     };
                     name = Release;
              };
              72BA6861473941338D08D064 /* MinSizeRel */ = {
                     isa = PBXBuildStyle;
                     buildSettings = {
                            COPY_PHASE_STRIP = NO;
                     };
                     name = MinSizeRel;
              };
              D58BAA9F318F45ED8F71D9F6 /* RelWithDebInfo */ = {
                     isa = PBXBuildStyle;
                     buildSettings = {
                            COPY_PHASE_STRIP = NO;
                     };
                     name = RelWithDebInfo;
              };
/* End PBXBuildStyle section */

/* Begin PBXContainerItemProxy section */
              B330B255815447CA87E0DC15 /* PBXContainerItemProxy */ = {
                     isa = PBXContainerItemProxy;
                     containerPortal = B44B0BC74FB84C4682512D82 /* Project object */;
                     proxyType = 1;
                     remoteGlobalIDString = C2D92195634D4E34A46F0041;
                     remoteInfo = model_loader_opengl3;
              };
              C0FB33041BB44491A3C1B8EA /* PBXContainerItemProxy */ = {
                     isa = PBXContainerItemProxy;
                     containerPortal = B44B0BC74FB84C4682512D82 /* Project object */;
                     proxyType = 1;
                     remoteGlobalIDString = 51ABFAE635CA4AB69E9C02F4;
                     remoteInfo = ZERO_CHECK;
              };
              EBB4D4ACA9DA4B8698434527 /* PBXContainerItemProxy */ = {
                     isa = PBXContainerItemProxy;
                     containerPortal = B44B0BC74FB84C4682512D82 /* Project object */;
                     proxyType = 1;
                     remoteGlobalIDString = 51ABFAE635CA4AB69E9C02F4;
                     remoteInfo = ZERO_CHECK;
              };
/* End PBXContainerItemProxy section */

/* Begin PBXFileReference section */
3C41A7B747824819921CCC2B /* /Users/Daniel/Skolarbeten/Nuvarande/TNM061_3D-Grafik/3D_Projekt/Miros Kod/Model Loader OpenGL3/CMakeLists.txt */ = {isa = PBXFileReference; explicitFileType = "sourcecode.text"; fileEncoding = 4; name = "CMakeLists.txt"; path = "CMakeLists.txt"; sourceTree = SOURCE_ROOT; };
ADD1CBBB30684E479A72F4EE /* /Users/Daniel/Skolarbeten/Nuvarande/TNM061_3D-Grafik/3D_Projekt/Miros Kod/Model Loader OpenGL3/CMakeLists.txt */ = {isa = PBXFileReference; explicitFileType = "sourcecode.text"; fileEncoding = 4; name = "CMakeLists.txt"; path = "CMakeLists.txt"; sourceTree = SOURCE_ROOT; };
BB3490DE740940E096BF3078 /* /Users/Daniel/Skolarbeten/Nuvarande/TNM061_3D-Grafik/3D_Projekt/Miros Kod/Model Loader OpenGL3/CMakeLists.txt */ = {isa = PBXFileReference; explicitFileType = "sourcecode.text"; fileEncoding = 4; name = "CMakeLists.txt"; path = "CMakeLists.txt"; sourceTree = SOURCE_ROOT; };
B41A300760834555AB54B8C5 /* /Users/Daniel/Skolarbeten/Nuvarande/TNM061_3D-Grafik/3D_Projekt/Miros Kod/Model Loader OpenGL3/main.cpp */ = {isa = PBXFileReference; explicitFileType = "sourcecode.cpp.cpp"; fileEncoding = 4; name = "main.cpp"; path = "main.cpp"; sourceTree = SOURCE_ROOT; };
8ADD2B03AE87408181185FE4 /* /Users/Daniel/Skolarbeten/Nuvarande/TNM061_3D-Grafik/3D_Projekt/Miros Kod/Model Loader OpenGL3/objloader.cpp */ = {isa = PBXFileReference; explicitFileType = "sourcecode.cpp.cpp"; fileEncoding = 4; name = "objloader.cpp"; path = "objloader.cpp"; sourceTree = SOURCE_ROOT; };
93543351DA2447F3BEC67DA6 /* /Users/Daniel/Skolarbeten/Nuvarande/TNM061_3D-Grafik/3D_Projekt/Miros Kod/Model Loader OpenGL3/objloader.hpp */ = {isa = PBXFileReference; explicitFileType = "sourcecode.cpp.h"; fileEncoding = 4; name = "objloader.hpp"; path = "objloader.hpp"; sourceTree = SOURCE_ROOT; };
93F37465C4D8474BB563C49D /* model_loader_opengl3 */ = {isa = PBXFileReference; explicitFileType = "compiled.mach-o.executable"; path = model_loader_opengl3; refType = 0; sourceTree = BUILT_PRODUCTS_DIR; };
/* End PBXFileReference section */

/* Begin PBXGroup section */
              5FF6C3F3E4FB46CE9D0910AE  = {
                     isa = PBXGroup;
                     children = (
                            E5E8C2769BE84FCD9432429A /* Sources */,
                            2503BDA37F9D4776B1E32C5F /* Resources */,
                            484450A43BFC4D9A852C0429 /* Products */,
                     );
                     sourceTree = "<group>";
              };
              E5E8C2769BE84FCD9432429A /* Sources */ = {
                     isa = PBXGroup;
                     children = (
                            72E04CC06CB445749EEBEF33 /* model_loader_opengl3 */,
                            B1F23D4759DD408AB10ECFAB /* ALL_BUILD */,
                            721F17B0AD474977B52C04B9 /* ZERO_CHECK */,
                     );
                     name = Sources;
                     sourceTree = "<group>";
              };
              2503BDA37F9D4776B1E32C5F /* Resources */ = {
                     isa = PBXGroup;
                     children = (
                     );
                     name = Resources;
                     sourceTree = "<group>";
              };
              72E04CC06CB445749EEBEF33 /* model_loader_opengl3 */ = {
                     isa = PBXGroup;
                     children = (
                            584F102419EA4BEAB478DD54 /* Source Files */,
                            F48E9E62B04E450AB5A9C435 /* Header Files */,
                            BB3490DE740940E096BF3078 /* /Users/Daniel/Skolarbeten/Nuvarande/TNM061_3D-Grafik/3D_Projekt/Miros Kod/Model Loader OpenGL3/CMakeLists.txt */,
                     );
                     name = model_loader_opengl3;
                     sourceTree = "<group>";
              };
              584F102419EA4BEAB478DD54 /* Source Files */ = {
                     isa = PBXGroup;
                     children = (
                            B41A300760834555AB54B8C5 /* /Users/Daniel/Skolarbeten/Nuvarande/TNM061_3D-Grafik/3D_Projekt/Miros Kod/Model Loader OpenGL3/main.cpp */,
                            8ADD2B03AE87408181185FE4 /* /Users/Daniel/Skolarbeten/Nuvarande/TNM061_3D-Grafik/3D_Projekt/Miros Kod/Model Loader OpenGL3/objloader.cpp */,
                     );
                     name = "Source Files";
                     sourceTree = "<group>";
              };
              F48E9E62B04E450AB5A9C435 /* Header Files */ = {
                     isa = PBXGroup;
                     children = (
                            93543351DA2447F3BEC67DA6 /* /Users/Daniel/Skolarbeten/Nuvarande/TNM061_3D-Grafik/3D_Projekt/Miros Kod/Model Loader OpenGL3/objloader.hpp */,
                     );
                     name = "Header Files";
                     sourceTree = "<group>";
              };
              B1F23D4759DD408AB10ECFAB /* ALL_BUILD */ = {
                     isa = PBXGroup;
                     children = (
                            D5EFE3C8EB644DD19CCCF84B /* CMake Rules */,
                            3C41A7B747824819921CCC2B /* /Users/Daniel/Skolarbeten/Nuvarande/TNM061_3D-Grafik/3D_Projekt/Miros Kod/Model Loader OpenGL3/CMakeLists.txt */,
                     );
                     name = ALL_BUILD;
                     sourceTree = "<group>";
              };
              D5EFE3C8EB644DD19CCCF84B /* CMake Rules */ = {
                     isa = PBXGroup;
                     children = (
                     );
                     name = "CMake Rules";
                     sourceTree = "<group>";
              };
              721F17B0AD474977B52C04B9 /* ZERO_CHECK */ = {
                     isa = PBXGroup;
                     children = (
                            2E3658C4AD474DE8BE6CE779 /* CMake Rules */,
                            ADD1CBBB30684E479A72F4EE /* /Users/Daniel/Skolarbeten/Nuvarande/TNM061_3D-Grafik/3D_Projekt/Miros Kod/Model Loader OpenGL3/CMakeLists.txt */,
                     );
                     name = ZERO_CHECK;
                     sourceTree = "<group>";
              };
              2E3658C4AD474DE8BE6CE779 /* CMake Rules */ = {
                     isa = PBXGroup;
                     children = (
                     );
                     name = "CMake Rules";
                     sourceTree = "<group>";
              };
              484450A43BFC4D9A852C0429 /* Products */ = {
                     isa = PBXGroup;
                     children = (
                            93F37465C4D8474BB563C49D /* model_loader_opengl3 */,
                     );
                     name = Products;
                     sourceTree = "<group>";
              };
/* End PBXGroup section */

/* Begin PBXNativeTarget section */
              C2D92195634D4E34A46F0041 /* model_loader_opengl3 */ = {
                     isa = PBXNativeTarget;
                     buildConfigurationList = 89A5B68A48464CEF8AE94F07 /* Build configuration list for PBXNativeTarget "model_loader_opengl3" */;
                     buildPhases = (
                            303EE257F1694171998E28C3 /* Sources */,
                     );
                     buildRules = (
                     );
                     dependencies = (
                            D12E5990168C47F3A9EB1076 /* PBXTargetDependency */,
                     );
                     name = model_loader_opengl3;
                     productName = model_loader_opengl3;
                     productReference = 93F37465C4D8474BB563C49D /* model_loader_opengl3 */;
                     productType = "com.apple.product-type.tool";
              };
/* End PBXNativeTarget section */

/* Begin PBXProject section */
              B44B0BC74FB84C4682512D82 /* Project object */ = {
                     isa = PBXProject;
                     attributes = {
                            BuildIndependentTargetsInParallel = YES;
                     };
                     buildConfigurationList = D0930C332B144FB99A3A9AC7 /* Build configuration list for PBXProject  "model_loader_opengl3" */;
                     buildSettings = {
                     };
                     buildStyles = (
                            1A15F093CE4849FEACD9E904 /* Debug */,
                            030A38A15B154112B273E7D4 /* Release */,
                            72BA6861473941338D08D064 /* MinSizeRel */,
                            D58BAA9F318F45ED8F71D9F6 /* RelWithDebInfo */,
                     );
                     compatibilityVersion = "Xcode 3.2";
                     hasScannedForEncodings = 0;
                     mainGroup = 5FF6C3F3E4FB46CE9D0910AE;
                     projectDirPath = ".";
                     projectRoot = "";
                     targets = (
                            98A5F9853D0041189766C0C6 /* ALL_BUILD */,
                            51ABFAE635CA4AB69E9C02F4 /* ZERO_CHECK */,
                            C2D92195634D4E34A46F0041 /* model_loader_opengl3 */,
                     );
              };
/* End PBXProject section */

/* Begin PBXShellScriptBuildPhase section */
              9248B205064E493BBECF7EA6 /*  */ = {
                     isa = PBXShellScriptBuildPhase;
                     buildActionMask = 2147483647;
                     files = (
                     );
                     inputPaths = (
                     );
                     outputPaths = (
                     );
                     runOnlyForDeploymentPostprocessing = 0;
                     shellPath = /bin/sh;
                     shellScript = "# shell script goes here
exit 0";
                     showEnvVarsInLog = 0;
              };
              1D47574CE98644208D831CD7 /* CMake Rules */ = {
                     isa = PBXShellScriptBuildPhase;
                     buildActionMask = 2147483647;
                     files = (
                     );
                     name = "CMake Rules";
                     runOnlyForDeploymentPostprocessing = 0;
                     shellPath = /bin/sh;
                     shellScript = "make -C /Users/Daniel/Skolarbeten/Nuvarande/TNM061_3D-Grafik/3D_Projekt/Miros\\ Kod/Model\\ Loader\\ OpenGL3 -f /Users/Daniel/Skolarbeten/Nuvarande/TNM061_3D-Grafik/3D_Projekt/Miros\\ Kod/Model\\ Loader\\ OpenGL3/CMakeScripts/ALL_BUILD_cmakeRulesBuildPhase.make$CONFIGURATION all";
                     showEnvVarsInLog = 0;
              };
              855B3683C6994A03927B8470 /*  */ = {
                     isa = PBXShellScriptBuildPhase;
                     buildActionMask = 2147483647;
                     files = (
                     );
                     inputPaths = (
                     );
                     outputPaths = (
                     );
                     runOnlyForDeploymentPostprocessing = 0;
                     shellPath = /bin/sh;
                     shellScript = "# shell script goes here
exit 0";
                     showEnvVarsInLog = 0;
              };
              C1E49BB0DD414EDE8F3A538A /* CMake Rules */ = {
                     isa = PBXShellScriptBuildPhase;
                     buildActionMask = 2147483647;
                     files = (
                     );
                     name = "CMake Rules";
                     runOnlyForDeploymentPostprocessing = 0;
                     shellPath = /bin/sh;
                     shellScript = "make -C /Users/Daniel/Skolarbeten/Nuvarande/TNM061_3D-Grafik/3D_Projekt/Miros\\ Kod/Model\\ Loader\\ OpenGL3 -f /Users/Daniel/Skolarbeten/Nuvarande/TNM061_3D-Grafik/3D_Projekt/Miros\\ Kod/Model\\ Loader\\ OpenGL3/CMakeScripts/ZERO_CHECK_cmakeRulesBuildPhase.make$CONFIGURATION all";
                     showEnvVarsInLog = 0;
              };
/* End PBXShellScriptBuildPhase section */

/* Begin PBXSourcesBuildPhase section */
              303EE257F1694171998E28C3 /* Sources */ = {
                     isa = PBXSourcesBuildPhase;
                     buildActionMask = 2147483647;
                     files = (
                            3F39DAA8E29C49ECAFF51FA9 /* /Users/Daniel/Skolarbeten/Nuvarande/TNM061_3D-Grafik/3D_Projekt/Miros Kod/Model Loader OpenGL3/main.cpp */,
                            7ABE9B8D2F184D57A346DF2F /* /Users/Daniel/Skolarbeten/Nuvarande/TNM061_3D-Grafik/3D_Projekt/Miros Kod/Model Loader OpenGL3/objloader.cpp */,
                     );
                     runOnlyForDeploymentPostprocessing = 0;
              };
/* End PBXSourcesBuildPhase section */

/* Begin PBXTargetDependency section */
              E17B5B09CB6D4DFBBA0E7420 /* PBXTargetDependency */ = {
                     isa = PBXTargetDependency;
                     target = C2D92195634D4E34A46F0041 /* model_loader_opengl3 */;
                     targetProxy = B330B255815447CA87E0DC15 /* PBXContainerItemProxy */;
              };
              6978964605714A1FA7A36C9F /* PBXTargetDependency */ = {
                     isa = PBXTargetDependency;
                     target = 51ABFAE635CA4AB69E9C02F4 /* ZERO_CHECK */;
                     targetProxy = C0FB33041BB44491A3C1B8EA /* PBXContainerItemProxy */;
              };
              D12E5990168C47F3A9EB1076 /* PBXTargetDependency */ = {
                     isa = PBXTargetDependency;
                     target = 51ABFAE635CA4AB69E9C02F4 /* ZERO_CHECK */;
                     targetProxy = EBB4D4ACA9DA4B8698434527 /* PBXContainerItemProxy */;
              };
/* End PBXTargetDependency section */

/* Begin XCBuildConfiguration section */
              5DADA8E645AB4ECCADC2A6CA /* Debug */ = {
                     isa = XCBuildConfiguration;
                     buildSettings = {
                            ARCHS = x86_64;
                            MACOSX_DEPLOYMENT_TARGET = "10.9";
                            SDKROOT = "/Applications/Xcode.app/Contents/Developer/Platforms/MacOSX.platform/Developer/SDKs/MacOSX10.10.sdk";
                            SYMROOT = "/Users/Daniel/Skolarbeten/Nuvarande/TNM061_3D-Grafik/3D_Projekt/Miros Kod/Model Loader OpenGL3/build";
                     };
                     name = Debug;
              };
              ADCBF48D91E94726B7B9D6E2 /* Release */ = {
                     isa = XCBuildConfiguration;
                     buildSettings = {
                            ARCHS = x86_64;
                            MACOSX_DEPLOYMENT_TARGET = "10.9";
                            SDKROOT = "/Applications/Xcode.app/Contents/Developer/Platforms/MacOSX.platform/Developer/SDKs/MacOSX10.10.sdk";
                            SYMROOT = "/Users/Daniel/Skolarbeten/Nuvarande/TNM061_3D-Grafik/3D_Projekt/Miros Kod/Model Loader OpenGL3/build";
                     };
                     name = Release;
              };
              6DE292E87DC24841B0AB911D /* MinSizeRel */ = {
                     isa = XCBuildConfiguration;
                     buildSettings = {
                            ARCHS = x86_64;
                            MACOSX_DEPLOYMENT_TARGET = "10.9";
                            SDKROOT = "/Applications/Xcode.app/Contents/Developer/Platforms/MacOSX.platform/Developer/SDKs/MacOSX10.10.sdk";
                            SYMROOT = "/Users/Daniel/Skolarbeten/Nuvarande/TNM061_3D-Grafik/3D_Projekt/Miros Kod/Model Loader OpenGL3/build";
                     };
                     name = MinSizeRel;
              };
              D8C40DCC77DF4E669BB23E15 /* RelWithDebInfo */ = {
                     isa = XCBuildConfiguration;
                     buildSettings = {
                            ARCHS = x86_64;
                            MACOSX_DEPLOYMENT_TARGET = "10.9";
                            SDKROOT = "/Applications/Xcode.app/Contents/Developer/Platforms/MacOSX.platform/Developer/SDKs/MacOSX10.10.sdk";
                            SYMROOT = "/Users/Daniel/Skolarbeten/Nuvarande/TNM061_3D-Grafik/3D_Projekt/Miros Kod/Model Loader OpenGL3/build";
                     };
                     name = RelWithDebInfo;
              };
              5265DB65770246E79C522506 /* Debug */ = {
                     isa = XCBuildConfiguration;
                     buildSettings = {
                            COMBINE_HIDPI_IMAGES = YES;
                            GCC_GENERATE_DEBUGGING_SYMBOLS = NO;
                            GCC_INLINES_ARE_PRIVATE_EXTERN = NO;
                            GCC_OPTIMIZATION_LEVEL = 0;
                            GCC_PREPROCESSOR_DEFINITIONS = ("'CMAKE_INTDIR=\"$(CONFIGURATION)$(EFFECTIVE_PLATFORM_NAME)\"'", __APPLE__, );
                            GCC_SYMBOLS_PRIVATE_EXTERN = NO;
                            HEADER_SEARCH_PATHS = ("/Users/Daniel/Skolarbeten/Nuvarande/TNM061_3D-Grafik/3D_Projekt/SGCT/include", );
                            INSTALL_PATH = "";
                            OTHER_CFLAGS = "  ";
                            OTHER_LDFLAGS = " ";
                            OTHER_REZFLAGS = "";
                            PRODUCT_NAME = ALL_BUILD;
                            SECTORDER_FLAGS = "";
                            SYMROOT = "/Users/Daniel/Skolarbeten/Nuvarande/TNM061_3D-Grafik/3D_Projekt/Miros Kod/Model Loader OpenGL3";
                            USE_HEADERMAP = NO;
                            WARNING_CFLAGS = ("-Wmost", "-Wno-four-char-constants", "-Wno-unknown-pragmas", "$(inherited)", );
                     };
                     name = Debug;
              };
              8854F967404046B88CD81CD8 /* Release */ = {
                     isa = XCBuildConfiguration;
                     buildSettings = {
                            COMBINE_HIDPI_IMAGES = YES;
                            GCC_GENERATE_DEBUGGING_SYMBOLS = NO;
                            GCC_INLINES_ARE_PRIVATE_EXTERN = NO;
                            GCC_OPTIMIZATION_LEVEL = 0;
                            GCC_PREPROCESSOR_DEFINITIONS = ("'CMAKE_INTDIR=\"$(CONFIGURATION)$(EFFECTIVE_PLATFORM_NAME)\"'", __APPLE__, );
                            GCC_SYMBOLS_PRIVATE_EXTERN = NO;
                            HEADER_SEARCH_PATHS = ("/Users/Daniel/Skolarbeten/Nuvarande/TNM061_3D-Grafik/3D_Projekt/SGCT/include", );
                            INSTALL_PATH = "";
                            OTHER_CFLAGS = "  ";
                            OTHER_LDFLAGS = " ";
                            OTHER_REZFLAGS = "";
                            PRODUCT_NAME = ALL_BUILD;
                            SECTORDER_FLAGS = "";
                            SYMROOT = "/Users/Daniel/Skolarbeten/Nuvarande/TNM061_3D-Grafik/3D_Projekt/Miros Kod/Model Loader OpenGL3";
                            USE_HEADERMAP = NO;
                            WARNING_CFLAGS = ("-Wmost", "-Wno-four-char-constants", "-Wno-unknown-pragmas", "$(inherited)", );
                     };
                     name = Release;
              };
              D8EDB583BD6A41A9977EF4B8 /* MinSizeRel */ = {
                     isa = XCBuildConfiguration;
                     buildSettings = {
                            COMBINE_HIDPI_IMAGES = YES;
                            GCC_GENERATE_DEBUGGING_SYMBOLS = NO;
                            GCC_INLINES_ARE_PRIVATE_EXTERN = NO;
                            GCC_OPTIMIZATION_LEVEL = 0;
                            GCC_PREPROCESSOR_DEFINITIONS = ("'CMAKE_INTDIR=\"$(CONFIGURATION)$(EFFECTIVE_PLATFORM_NAME)\"'", __APPLE__, );
                            GCC_SYMBOLS_PRIVATE_EXTERN = NO;
                            HEADER_SEARCH_PATHS = ("/Users/Daniel/Skolarbeten/Nuvarande/TNM061_3D-Grafik/3D_Projekt/SGCT/include", );
                            INSTALL_PATH = "";
                            OTHER_CFLAGS = "  ";
                            OTHER_LDFLAGS = " ";
                            OTHER_REZFLAGS = "";
                            PRODUCT_NAME = ALL_BUILD;
                            SECTORDER_FLAGS = "";
                            SYMROOT = "/Users/Daniel/Skolarbeten/Nuvarande/TNM061_3D-Grafik/3D_Projekt/Miros Kod/Model Loader OpenGL3";
                            USE_HEADERMAP = NO;
                            WARNING_CFLAGS = ("-Wmost", "-Wno-four-char-constants", "-Wno-unknown-pragmas", "$(inherited)", );
                     };
                     name = MinSizeRel;
              };
              F3FAE504CC63466380762565 /* RelWithDebInfo */ = {
                     isa = XCBuildConfiguration;
                     buildSettings = {
                            COMBINE_HIDPI_IMAGES = YES;
                            GCC_GENERATE_DEBUGGING_SYMBOLS = NO;
                            GCC_INLINES_ARE_PRIVATE_EXTERN = NO;
                            GCC_OPTIMIZATION_LEVEL = 0;
                            GCC_PREPROCESSOR_DEFINITIONS = ("'CMAKE_INTDIR=\"$(CONFIGURATION)$(EFFECTIVE_PLATFORM_NAME)\"'", __APPLE__, );
                            GCC_SYMBOLS_PRIVATE_EXTERN = NO;
                            HEADER_SEARCH_PATHS = ("/Users/Daniel/Skolarbeten/Nuvarande/TNM061_3D-Grafik/3D_Projekt/SGCT/include", );
                            INSTALL_PATH = "";
                            OTHER_CFLAGS = "  ";
                            OTHER_LDFLAGS = " ";
                            OTHER_REZFLAGS = "";
                            PRODUCT_NAME = ALL_BUILD;
                            SECTORDER_FLAGS = "";
                            SYMROOT = "/Users/Daniel/Skolarbeten/Nuvarande/TNM061_3D-Grafik/3D_Projekt/Miros Kod/Model Loader OpenGL3";
                            USE_HEADERMAP = NO;
                            WARNING_CFLAGS = ("-Wmost", "-Wno-four-char-constants", "-Wno-unknown-pragmas", "$(inherited)", );
                     };
                     name = RelWithDebInfo;
              };
              D51C4E5996EA4204B390229F /* Debug */ = {
                     isa = XCBuildConfiguration;
                     buildSettings = {
                            COMBINE_HIDPI_IMAGES = YES;
                            GCC_GENERATE_DEBUGGING_SYMBOLS = NO;
                            GCC_INLINES_ARE_PRIVATE_EXTERN = NO;
                            GCC_OPTIMIZATION_LEVEL = 0;
                            GCC_PREPROCESSOR_DEFINITIONS = ("'CMAKE_INTDIR=\"$(CONFIGURATION)$(EFFECTIVE_PLATFORM_NAME)\"'", __APPLE__, );
                            GCC_SYMBOLS_PRIVATE_EXTERN = NO;
                            HEADER_SEARCH_PATHS = ("/Users/Daniel/Skolarbeten/Nuvarande/TNM061_3D-Grafik/3D_Projekt/SGCT/include", );
                            INSTALL_PATH = "";
                            OTHER_CFLAGS = "  ";
                            OTHER_LDFLAGS = " ";
                            OTHER_REZFLAGS = "";
                            PRODUCT_NAME = ZERO_CHECK;
                            SECTORDER_FLAGS = "";
                            SYMROOT = "/Users/Daniel/Skolarbeten/Nuvarande/TNM061_3D-Grafik/3D_Projekt/Miros Kod/Model Loader OpenGL3";
                            USE_HEADERMAP = NO;
                            WARNING_CFLAGS = ("-Wmost", "-Wno-four-char-constants", "-Wno-unknown-pragmas", "$(inherited)", );
                     };
                     name = Debug;
              };
              BC86C7A140CF4A6BBB99AFEE /* Release */ = {
                     isa = XCBuildConfiguration;
                     buildSettings = {
                            COMBINE_HIDPI_IMAGES = YES;
                            GCC_GENERATE_DEBUGGING_SYMBOLS = NO;
                            GCC_INLINES_ARE_PRIVATE_EXTERN = NO;
                            GCC_OPTIMIZATION_LEVEL = 0;
                            GCC_PREPROCESSOR_DEFINITIONS = ("'CMAKE_INTDIR=\"$(CONFIGURATION)$(EFFECTIVE_PLATFORM_NAME)\"'", __APPLE__, );
                            GCC_SYMBOLS_PRIVATE_EXTERN = NO;
                            HEADER_SEARCH_PATHS = ("/Users/Daniel/Skolarbeten/Nuvarande/TNM061_3D-Grafik/3D_Projekt/SGCT/include", );
                            INSTALL_PATH = "";
                            OTHER_CFLAGS = "  ";
                            OTHER_LDFLAGS = " ";
                            OTHER_REZFLAGS = "";
                            PRODUCT_NAME = ZERO_CHECK;
                            SECTORDER_FLAGS = "";
                            SYMROOT = "/Users/Daniel/Skolarbeten/Nuvarande/TNM061_3D-Grafik/3D_Projekt/Miros Kod/Model Loader OpenGL3";
                            USE_HEADERMAP = NO;
                            WARNING_CFLAGS = ("-Wmost", "-Wno-four-char-constants", "-Wno-unknown-pragmas", "$(inherited)", );
                     };
                     name = Release;
              };
              029B2A4025464A9CAD904451 /* MinSizeRel */ = {
                     isa = XCBuildConfiguration;
                     buildSettings = {
                            COMBINE_HIDPI_IMAGES = YES;
                            GCC_GENERATE_DEBUGGING_SYMBOLS = NO;
                            GCC_INLINES_ARE_PRIVATE_EXTERN = NO;
                            GCC_OPTIMIZATION_LEVEL = 0;
                            GCC_PREPROCESSOR_DEFINITIONS = ("'CMAKE_INTDIR=\"$(CONFIGURATION)$(EFFECTIVE_PLATFORM_NAME)\"'", __APPLE__, );
                            GCC_SYMBOLS_PRIVATE_EXTERN = NO;
                            HEADER_SEARCH_PATHS = ("/Users/Daniel/Skolarbeten/Nuvarande/TNM061_3D-Grafik/3D_Projekt/SGCT/include", );
                            INSTALL_PATH = "";
                            OTHER_CFLAGS = "  ";
                            OTHER_LDFLAGS = " ";
                            OTHER_REZFLAGS = "";
                            PRODUCT_NAME = ZERO_CHECK;
                            SECTORDER_FLAGS = "";
                            SYMROOT = "/Users/Daniel/Skolarbeten/Nuvarande/TNM061_3D-Grafik/3D_Projekt/Miros Kod/Model Loader OpenGL3";
                            USE_HEADERMAP = NO;
                            WARNING_CFLAGS = ("-Wmost", "-Wno-four-char-constants", "-Wno-unknown-pragmas", "$(inherited)", );
                     };
                     name = MinSizeRel;
              };
              7DA723658901478E864005A3 /* RelWithDebInfo */ = {
                     isa = XCBuildConfiguration;
                     buildSettings = {
                            COMBINE_HIDPI_IMAGES = YES;
                            GCC_GENERATE_DEBUGGING_SYMBOLS = NO;
                            GCC_INLINES_ARE_PRIVATE_EXTERN = NO;
                            GCC_OPTIMIZATION_LEVEL = 0;
                            GCC_PREPROCESSOR_DEFINITIONS = ("'CMAKE_INTDIR=\"$(CONFIGURATION)$(EFFECTIVE_PLATFORM_NAME)\"'", __APPLE__, );
                            GCC_SYMBOLS_PRIVATE_EXTERN = NO;
                            HEADER_SEARCH_PATHS = ("/Users/Daniel/Skolarbeten/Nuvarande/TNM061_3D-Grafik/3D_Projekt/SGCT/include", );
                            INSTALL_PATH = "";
                            OTHER_CFLAGS = "  ";
                            OTHER_LDFLAGS = " ";
                            OTHER_REZFLAGS = "";
                            PRODUCT_NAME = ZERO_CHECK;
                            SECTORDER_FLAGS = "";
                            SYMROOT = "/Users/Daniel/Skolarbeten/Nuvarande/TNM061_3D-Grafik/3D_Projekt/Miros Kod/Model Loader OpenGL3";
                            USE_HEADERMAP = NO;
                            WARNING_CFLAGS = ("-Wmost", "-Wno-four-char-constants", "-Wno-unknown-pragmas", "$(inherited)", );
                     };
                     name = RelWithDebInfo;
              };
              851FCCE7602B4755B0C9007A /* Debug */ = {
                     isa = XCBuildConfiguration;
                     buildSettings = {
                            CLANG_CXX_LANGUAGE_STANDARD = "c++11";
                            CLANG_CXX_LIBRARY = "libc++";
                            COMBINE_HIDPI_IMAGES = YES;
                            EXECUTABLE_PREFIX = "";
                            EXECUTABLE_SUFFIX = "";
                            GCC_GENERATE_DEBUGGING_SYMBOLS = YES;
                            GCC_INLINES_ARE_PRIVATE_EXTERN = NO;
                            GCC_OPTIMIZATION_LEVEL = 0;
                            GCC_PREPROCESSOR_DEFINITIONS = ("'CMAKE_INTDIR=\"$(CONFIGURATION)$(EFFECTIVE_PLATFORM_NAME)\"'", __APPLE__, );
                            GCC_SYMBOLS_PRIVATE_EXTERN = NO;
                            HEADER_SEARCH_PATHS = ("/Users/Daniel/Skolarbeten/Nuvarande/TNM061_3D-Grafik/3D_Projekt/SGCT/include", );
                            INSTALL_PATH = "";
                            LIBRARY_SEARCH_PATHS = "";
                            OTHER_CFLAGS = "    ";
                            OTHER_CPLUSPLUSFLAGS = "-std=c++11 -stdlib=libc++      ";
                            OTHER_LDFLAGS = " -Wl,-search_paths_first -Wl,-headerpad_max_install_names  /Users/Daniel/Skolarbeten/Nuvarande/TNM061_3D-Grafik/3D_Projekt/SGCT/lib/libsgct_cpp11d.a -framework OpenGL -framework Cocoa -framework IOKit -framework CoreVideo";
                            OTHER_REZFLAGS = "";
                            PRODUCT_NAME = model_loader_opengl3;
                            SECTORDER_FLAGS = "";
                            SYMROOT = "/Users/Daniel/Skolarbeten/Nuvarande/TNM061_3D-Grafik/3D_Projekt/Miros Kod/Model Loader OpenGL3";
                            USE_HEADERMAP = NO;
                            WARNING_CFLAGS = ("-Wmost", "-Wno-four-char-constants", "-Wno-unknown-pragmas", "$(inherited)", );
                     };
                     name = Debug;
              };
              6D1A03C908C24F65878241E8 /* Release */ = {
                     isa = XCBuildConfiguration;
                     buildSettings = {
                            CLANG_CXX_LANGUAGE_STANDARD = "c++11";
                            CLANG_CXX_LIBRARY = "libc++";
                            COMBINE_HIDPI_IMAGES = YES;
                            EXECUTABLE_PREFIX = "";
                            EXECUTABLE_SUFFIX = "";
                            GCC_GENERATE_DEBUGGING_SYMBOLS = NO;
                            GCC_INLINES_ARE_PRIVATE_EXTERN = NO;
                            GCC_OPTIMIZATION_LEVEL = 3;
                            GCC_PREPROCESSOR_DEFINITIONS = ("'CMAKE_INTDIR=\"$(CONFIGURATION)$(EFFECTIVE_PLATFORM_NAME)\"'", __APPLE__, );
                            GCC_SYMBOLS_PRIVATE_EXTERN = NO;
                            HEADER_SEARCH_PATHS = ("/Users/Daniel/Skolarbeten/Nuvarande/TNM061_3D-Grafik/3D_Projekt/SGCT/include", );
                            INSTALL_PATH = "";
                            LIBRARY_SEARCH_PATHS = "";
                            OTHER_CFLAGS = "    -DNDEBUG  ";
                            OTHER_CPLUSPLUSFLAGS = "-std=c++11 -stdlib=libc++      -DNDEBUG  ";
                            OTHER_LDFLAGS = " -Wl,-search_paths_first -Wl,-headerpad_max_install_names  /usr/local/lib/libsgct_cpp11.a -framework OpenGL -framework Cocoa -framework IOKit -framework CoreVideo";
                            OTHER_REZFLAGS = "";
                            PRODUCT_NAME = model_loader_opengl3;
                            SECTORDER_FLAGS = "";
                            SYMROOT = "/Users/Daniel/Skolarbeten/Nuvarande/TNM061_3D-Grafik/3D_Projekt/Miros Kod/Model Loader OpenGL3";
                            USE_HEADERMAP = NO;
                            WARNING_CFLAGS = ("-Wmost", "-Wno-four-char-constants", "-Wno-unknown-pragmas", "$(inherited)", );
                     };
                     name = Release;
              };
              88D9D2A36B114EF5AAD25506 /* MinSizeRel */ = {
                     isa = XCBuildConfiguration;
                     buildSettings = {
                            CLANG_CXX_LANGUAGE_STANDARD = "c++11";
                            CLANG_CXX_LIBRARY = "libc++";
                            COMBINE_HIDPI_IMAGES = YES;
                            EXECUTABLE_PREFIX = "";
                            EXECUTABLE_SUFFIX = "";
                            GCC_GENERATE_DEBUGGING_SYMBOLS = NO;
                            GCC_INLINES_ARE_PRIVATE_EXTERN = NO;
                            GCC_OPTIMIZATION_LEVEL = s;
                            GCC_PREPROCESSOR_DEFINITIONS = ("'CMAKE_INTDIR=\"$(CONFIGURATION)$(EFFECTIVE_PLATFORM_NAME)\"'", __APPLE__, );
                            GCC_SYMBOLS_PRIVATE_EXTERN = NO;
                            HEADER_SEARCH_PATHS = ("/Users/Daniel/Skolarbeten/Nuvarande/TNM061_3D-Grafik/3D_Projekt/SGCT/include", );
                            INSTALL_PATH = "";
                            LIBRARY_SEARCH_PATHS = "";
                            OTHER_CFLAGS = "    -DNDEBUG  ";
                            OTHER_CPLUSPLUSFLAGS = "-std=c++11 -stdlib=libc++      -DNDEBUG  ";
                            OTHER_LDFLAGS = " -Wl,-search_paths_first -Wl,-headerpad_max_install_names  /usr/local/lib/libsgct_cpp11.a -framework OpenGL -framework Cocoa -framework IOKit -framework CoreVideo";
                            OTHER_REZFLAGS = "";
                            PRODUCT_NAME = model_loader_opengl3;
                            SECTORDER_FLAGS = "";
                            SYMROOT = "/Users/Daniel/Skolarbeten/Nuvarande/TNM061_3D-Grafik/3D_Projekt/Miros Kod/Model Loader OpenGL3";
                            USE_HEADERMAP = NO;
                            WARNING_CFLAGS = ("-Wmost", "-Wno-four-char-constants", "-Wno-unknown-pragmas", "$(inherited)", );
                     };
                     name = MinSizeRel;
              };
              97B40B1342B3453F8F32F753 /* RelWithDebInfo */ = {
                     isa = XCBuildConfiguration;
                     buildSettings = {
                            CLANG_CXX_LANGUAGE_STANDARD = "c++11";
                            CLANG_CXX_LIBRARY = "libc++";
                            COMBINE_HIDPI_IMAGES = YES;
                            EXECUTABLE_PREFIX = "";
                            EXECUTABLE_SUFFIX = "";
                            GCC_GENERATE_DEBUGGING_SYMBOLS = YES;
                            GCC_INLINES_ARE_PRIVATE_EXTERN = NO;
                            GCC_OPTIMIZATION_LEVEL = 2;
                            GCC_PREPROCESSOR_DEFINITIONS = ("'CMAKE_INTDIR=\"$(CONFIGURATION)$(EFFECTIVE_PLATFORM_NAME)\"'", __APPLE__, );
                            GCC_SYMBOLS_PRIVATE_EXTERN = NO;
                            HEADER_SEARCH_PATHS = ("/Users/Daniel/Skolarbeten/Nuvarande/TNM061_3D-Grafik/3D_Projekt/SGCT/include", );
                            INSTALL_PATH = "";
                            LIBRARY_SEARCH_PATHS = "";
                            OTHER_CFLAGS = "       -DNDEBUG  ";
                            OTHER_CPLUSPLUSFLAGS = "-std=c++11 -stdlib=libc++         -DNDEBUG  ";
                            OTHER_LDFLAGS = " -Wl,-search_paths_first -Wl,-headerpad_max_install_names  /usr/local/lib/libsgct_cpp11.a -framework OpenGL -framework Cocoa -framework IOKit -framework CoreVideo";
                            OTHER_REZFLAGS = "";
                            PRODUCT_NAME = model_loader_opengl3;
                            SECTORDER_FLAGS = "";
                            SYMROOT = "/Users/Daniel/Skolarbeten/Nuvarande/TNM061_3D-Grafik/3D_Projekt/Miros Kod/Model Loader OpenGL3";
                            USE_HEADERMAP = NO;
                            WARNING_CFLAGS = ("-Wmost", "-Wno-four-char-constants", "-Wno-unknown-pragmas", "$(inherited)", );
                     };
                     name = RelWithDebInfo;
              };
/* End XCBuildConfiguration section */

/* Begin XCConfigurationList section */
              D0930C332B144FB99A3A9AC7 /* Build configuration list for PBXProject  "model_loader_opengl3" */ = {
                     isa = XCConfigurationList;
                     buildConfigurations = (
                            5DADA8E645AB4ECCADC2A6CA /* Debug */,
                            ADCBF48D91E94726B7B9D6E2 /* Release */,
                            6DE292E87DC24841B0AB911D /* MinSizeRel */,
                            D8C40DCC77DF4E669BB23E15 /* RelWithDebInfo */,
                     );
                     defaultConfigurationIsVisible = 0;
                     defaultConfigurationName = Debug;
              };
              E28AB8C253814A5AA7FB42CC /* Build configuration list for PBXAggregateTarget "ALL_BUILD" */ = {
                     isa = XCConfigurationList;
                     buildConfigurations = (
                            5265DB65770246E79C522506 /* Debug */,
                            8854F967404046B88CD81CD8 /* Release */,
                            D8EDB583BD6A41A9977EF4B8 /* MinSizeRel */,
                            F3FAE504CC63466380762565 /* RelWithDebInfo */,
                     );
                     defaultConfigurationIsVisible = 0;
                     defaultConfigurationName = Debug;
              };
              1F04C4A456D94A3EB7CB5500 /* Build configuration list for PBXAggregateTarget "ZERO_CHECK" */ = {
                     isa = XCConfigurationList;
                     buildConfigurations = (
                            D51C4E5996EA4204B390229F /* Debug */,
                            BC86C7A140CF4A6BBB99AFEE /* Release */,
                            029B2A4025464A9CAD904451 /* MinSizeRel */,
                            7DA723658901478E864005A3 /* RelWithDebInfo */,
                     );
                     defaultConfigurationIsVisible = 0;
                     defaultConfigurationName = Debug;
              };
              89A5B68A48464CEF8AE94F07 /* Build configuration list for PBXNativeTarget "model_loader_opengl3" */ = {
                     isa = XCConfigurationList;
                     buildConfigurations = (
                            851FCCE7602B4755B0C9007A /* Debug */,
                            6D1A03C908C24F65878241E8 /* Release */,
                            88D9D2A36B114EF5AAD25506 /* MinSizeRel */,
                            97B40B1342B3453F8F32F753 /* RelWithDebInfo */,
                     );
                     defaultConfigurationIsVisible = 0;
                     defaultConfigurationName = Debug;
              };
/* End XCConfigurationList section */
       };
       rootObject = B44B0BC74FB84C4682512D82;
}
